// !$*UTF8*$!
{
	archiveVersion = 1;
	classes = {
	};
	objectVersion = 46;
	objects = {

/* Begin PBXBuildFile section */
		49229F221ED5C30F002FBFF3 /* main.m in Sources */ = {isa = PBXBuildFile; fileRef = 49229EC41ED5C30F002FBFF3 /* main.m */; };
		49229F241ED5C30F002FBFF3 /* ABBuilding.m in Sources */ = {isa = PBXBuildFile; fileRef = 49229EC91ED5C30F002FBFF3 /* ABBuilding.m */; };
		49229F251ED5C30F002FBFF3 /* ABBuilding.m in Sources */ = {isa = PBXBuildFile; fileRef = 49229EC91ED5C30F002FBFF3 /* ABBuilding.m */; settings = {COMPILER_FLAGS = "-fno-objc-arc"; }; };
		49229F261ED5C310002FBFF3 /* ABCar.m in Sources */ = {isa = PBXBuildFile; fileRef = 49229ECC1ED5C30F002FBFF3 /* ABCar.m */; };
		49229F271ED5C310002FBFF3 /* ABCar.m in Sources */ = {isa = PBXBuildFile; fileRef = 49229ECC1ED5C30F002FBFF3 /* ABCar.m */; settings = {COMPILER_FLAGS = "-fno-objc-arc"; }; };
		49229F281ED5C310002FBFF3 /* ABCarWash.m in Sources */ = {isa = PBXBuildFile; fileRef = 49229ECE1ED5C30F002FBFF3 /* ABCarWash.m */; };
		49229F291ED5C310002FBFF3 /* ABCarWash.m in Sources */ = {isa = PBXBuildFile; fileRef = 49229ECE1ED5C30F002FBFF3 /* ABCarWash.m */; settings = {COMPILER_FLAGS = "-fno-objc-arc"; }; };
		49229F2A1ED5C310002FBFF3 /* ABCarWashRoom.m in Sources */ = {isa = PBXBuildFile; fileRef = 49229ED21ED5C30F002FBFF3 /* ABCarWashRoom.m */; };
		49229F2B1ED5C310002FBFF3 /* ABCarWashRoom.m in Sources */ = {isa = PBXBuildFile; fileRef = 49229ED21ED5C30F002FBFF3 /* ABCarWashRoom.m */; settings = {COMPILER_FLAGS = "-fno-objc-arc"; }; };
		49229F2C1ED5C310002FBFF3 /* ABRoom.m in Sources */ = {isa = PBXBuildFile; fileRef = 49229ED41ED5C30F002FBFF3 /* ABRoom.m */; };
		49229F2D1ED5C310002FBFF3 /* ABRoom.m in Sources */ = {isa = PBXBuildFile; fileRef = 49229ED41ED5C30F002FBFF3 /* ABRoom.m */; settings = {COMPILER_FLAGS = "-fno-objc-arc"; }; };
		49229F2E1ED5C310002FBFF3 /* ABAcountant.m in Sources */ = {isa = PBXBuildFile; fileRef = 49229ED71ED5C30F002FBFF3 /* ABAcountant.m */; };
		49229F2F1ED5C310002FBFF3 /* ABAcountant.m in Sources */ = {isa = PBXBuildFile; fileRef = 49229ED71ED5C30F002FBFF3 /* ABAcountant.m */; settings = {COMPILER_FLAGS = "-fno-objc-arc"; }; };
		49229F301ED5C310002FBFF3 /* ABCarWasher.m in Sources */ = {isa = PBXBuildFile; fileRef = 49229ED91ED5C30F002FBFF3 /* ABCarWasher.m */; };
		49229F311ED5C310002FBFF3 /* ABCarWasher.m in Sources */ = {isa = PBXBuildFile; fileRef = 49229ED91ED5C30F002FBFF3 /* ABCarWasher.m */; settings = {COMPILER_FLAGS = "-fno-objc-arc"; }; };
		49229F321ED5C310002FBFF3 /* ABDirector.m in Sources */ = {isa = PBXBuildFile; fileRef = 49229EDB1ED5C30F002FBFF3 /* ABDirector.m */; };
		49229F331ED5C310002FBFF3 /* ABDirector.m in Sources */ = {isa = PBXBuildFile; fileRef = 49229EDB1ED5C30F002FBFF3 /* ABDirector.m */; settings = {COMPILER_FLAGS = "-fno-objc-arc"; }; };
		49229F341ED5C310002FBFF3 /* ABWorker.m in Sources */ = {isa = PBXBuildFile; fileRef = 49229EDD1ED5C30F002FBFF3 /* ABWorker.m */; };
		49229F351ED5C310002FBFF3 /* ABWorker.m in Sources */ = {isa = PBXBuildFile; fileRef = 49229EDD1ED5C30F002FBFF3 /* ABWorker.m */; settings = {COMPILER_FLAGS = "-fno-objc-arc"; }; };
		49229F361ED5C310002FBFF3 /* NSArray+ABExtension.m in Sources */ = {isa = PBXBuildFile; fileRef = 49229EE01ED5C30F002FBFF3 /* NSArray+ABExtension.m */; };
		49229F371ED5C310002FBFF3 /* NSArray+ABExtension.m in Sources */ = {isa = PBXBuildFile; fileRef = 49229EE01ED5C30F002FBFF3 /* NSArray+ABExtension.m */; settings = {COMPILER_FLAGS = "-fno-objc-arc"; }; };
		49229F381ED5C310002FBFF3 /* NSNumber+ABRandomNumber.m in Sources */ = {isa = PBXBuildFile; fileRef = 49229EE21ED5C30F002FBFF3 /* NSNumber+ABRandomNumber.m */; };
		49229F391ED5C310002FBFF3 /* NSNumber+ABRandomNumber.m in Sources */ = {isa = PBXBuildFile; fileRef = 49229EE21ED5C30F002FBFF3 /* NSNumber+ABRandomNumber.m */; settings = {COMPILER_FLAGS = "-fno-objc-arc"; }; };
		49229F3A1ED5C310002FBFF3 /* NSObject+ABObjectExtension.m in Sources */ = {isa = PBXBuildFile; fileRef = 49229EE41ED5C30F002FBFF3 /* NSObject+ABObjectExtension.m */; };
		49229F3B1ED5C310002FBFF3 /* NSObject+ABObjectExtension.m in Sources */ = {isa = PBXBuildFile; fileRef = 49229EE41ED5C30F002FBFF3 /* NSObject+ABObjectExtension.m */; settings = {COMPILER_FLAGS = "-fno-objc-arc"; }; };
		49229F3C1ED5C310002FBFF3 /* NSString+ABRandomString.m in Sources */ = {isa = PBXBuildFile; fileRef = 49229EE61ED5C30F002FBFF3 /* NSString+ABRandomString.m */; };
		49229F3D1ED5C310002FBFF3 /* NSString+ABRandomString.m in Sources */ = {isa = PBXBuildFile; fileRef = 49229EE61ED5C30F002FBFF3 /* NSString+ABRandomString.m */; settings = {COMPILER_FLAGS = "-fno-objc-arc"; }; };
		49229F3E1ED5C310002FBFF3 /* ABCreature.m in Sources */ = {isa = PBXBuildFile; fileRef = 49229EE91ED5C30F002FBFF3 /* ABCreature.m */; };
		49229F3F1ED5C310002FBFF3 /* ABCreature.m in Sources */ = {isa = PBXBuildFile; fileRef = 49229EE91ED5C30F002FBFF3 /* ABCreature.m */; settings = {COMPILER_FLAGS = "-fno-objc-arc"; }; };
		49229F401ED5C310002FBFF3 /* ABCreatureFemale.m in Sources */ = {isa = PBXBuildFile; fileRef = 49229EEB1ED5C30F002FBFF3 /* ABCreatureFemale.m */; };
		49229F411ED5C310002FBFF3 /* ABCreatureFemale.m in Sources */ = {isa = PBXBuildFile; fileRef = 49229EEB1ED5C30F002FBFF3 /* ABCreatureFemale.m */; settings = {COMPILER_FLAGS = "-fno-objc-arc"; }; };
		49229F421ED5C310002FBFF3 /* ABCreatureMale.m in Sources */ = {isa = PBXBuildFile; fileRef = 49229EED1ED5C30F002FBFF3 /* ABCreatureMale.m */; };
		49229F431ED5C310002FBFF3 /* ABCreatureMale.m in Sources */ = {isa = PBXBuildFile; fileRef = 49229EED1ED5C30F002FBFF3 /* ABCreatureMale.m */; settings = {COMPILER_FLAGS = "-fno-objc-arc"; }; };
		49229F441ED5C310002FBFF3 /* NSObject+ABCreatureCategory.m in Sources */ = {isa = PBXBuildFile; fileRef = 49229EEF1ED5C30F002FBFF3 /* NSObject+ABCreatureCategory.m */; };
		49229F451ED5C310002FBFF3 /* NSObject+ABCreatureCategory.m in Sources */ = {isa = PBXBuildFile; fileRef = 49229EEF1ED5C30F002FBFF3 /* NSObject+ABCreatureCategory.m */; settings = {COMPILER_FLAGS = "-fno-objc-arc"; }; };
		49229F541ED5C310002FBFF3 /* ABEqualityObject.m in Sources */ = {isa = PBXBuildFile; fileRef = 49229F031ED5C30F002FBFF3 /* ABEqualityObject.m */; };
		49229F551ED5C310002FBFF3 /* ABEqualityObject.m in Sources */ = {isa = PBXBuildFile; fileRef = 49229F031ED5C30F002FBFF3 /* ABEqualityObject.m */; settings = {COMPILER_FLAGS = "-fno-objc-arc"; }; };
		49229F561ED5C310002FBFF3 /* ABObjCSyntax.m in Sources */ = {isa = PBXBuildFile; fileRef = 49229F051ED5C30F002FBFF3 /* ABObjCSyntax.m */; };
		49229F571ED5C310002FBFF3 /* ABObjCSyntax.m in Sources */ = {isa = PBXBuildFile; fileRef = 49229F051ED5C30F002FBFF3 /* ABObjCSyntax.m */; settings = {COMPILER_FLAGS = "-fno-objc-arc"; }; };
		49229F581ED5C310002FBFF3 /* ABSyntax+ABCategory.m in Sources */ = {isa = PBXBuildFile; fileRef = 49229F071ED5C30F002FBFF3 /* ABSyntax+ABCategory.m */; };
		49229F591ED5C310002FBFF3 /* ABSyntax+ABCategory.m in Sources */ = {isa = PBXBuildFile; fileRef = 49229F071ED5C30F002FBFF3 /* ABSyntax+ABCategory.m */; settings = {COMPILER_FLAGS = "-fno-objc-arc"; }; };
		49229F5A1ED5C310002FBFF3 /* ABSyntax.m in Sources */ = {isa = PBXBuildFile; fileRef = 49229F091ED5C30F002FBFF3 /* ABSyntax.m */; };
		49229F5B1ED5C310002FBFF3 /* ABSyntax.m in Sources */ = {isa = PBXBuildFile; fileRef = 49229F091ED5C30F002FBFF3 /* ABSyntax.m */; settings = {COMPILER_FLAGS = "-fno-objc-arc"; }; };
		49229F5C1ED5C310002FBFF3 /* ABSyntaxSubclass.m in Sources */ = {isa = PBXBuildFile; fileRef = 49229F0C1ED5C30F002FBFF3 /* ABSyntaxSubclass.m */; };
		49229F5D1ED5C310002FBFF3 /* ABSyntaxSubclass.m in Sources */ = {isa = PBXBuildFile; fileRef = 49229F0C1ED5C30F002FBFF3 /* ABSyntaxSubclass.m */; settings = {COMPILER_FLAGS = "-fno-objc-arc"; }; };
		49229F5E1ED5C310002FBFF3 /* ABAlphabet.m in Sources */ = {isa = PBXBuildFile; fileRef = 49229F0F1ED5C30F002FBFF3 /* ABAlphabet.m */; };
		49229F5F1ED5C310002FBFF3 /* ABAlphabet.m in Sources */ = {isa = PBXBuildFile; fileRef = 49229F0F1ED5C30F002FBFF3 /* ABAlphabet.m */; settings = {COMPILER_FLAGS = "-fno-objc-arc"; }; };
		49229F601ED5C310002FBFF3 /* NSString+ABExtensions.m in Sources */ = {isa = PBXBuildFile; fileRef = 49229F111ED5C30F002FBFF3 /* NSString+ABExtensions.m */; };
		49229F611ED5C310002FBFF3 /* NSString+ABExtensions.m in Sources */ = {isa = PBXBuildFile; fileRef = 49229F111ED5C30F002FBFF3 /* NSString+ABExtensions.m */; settings = {COMPILER_FLAGS = "-fno-objc-arc"; }; };
		49229F621ED5C310002FBFF3 /* ABClasterAlphabet.m in Sources */ = {isa = PBXBuildFile; fileRef = 49229F141ED5C30F002FBFF3 /* ABClasterAlphabet.m */; };
		49229F631ED5C310002FBFF3 /* ABClasterAlphabet.m in Sources */ = {isa = PBXBuildFile; fileRef = 49229F141ED5C30F002FBFF3 /* ABClasterAlphabet.m */; settings = {COMPILER_FLAGS = "-fno-objc-arc"; }; };
		49229F641ED5C310002FBFF3 /* ABRangeAlphabet.m in Sources */ = {isa = PBXBuildFile; fileRef = 49229F161ED5C30F002FBFF3 /* ABRangeAlphabet.m */; };
		49229F651ED5C310002FBFF3 /* ABRangeAlphabet.m in Sources */ = {isa = PBXBuildFile; fileRef = 49229F161ED5C30F002FBFF3 /* ABRangeAlphabet.m */; settings = {COMPILER_FLAGS = "-fno-objc-arc"; }; };
		49229F661ED5C310002FBFF3 /* ABStringsAlphabet.m in Sources */ = {isa = PBXBuildFile; fileRef = 49229F181ED5C30F002FBFF3 /* ABStringsAlphabet.m */; };
		49229F671ED5C310002FBFF3 /* ABStringsAlphabet.m in Sources */ = {isa = PBXBuildFile; fileRef = 49229F181ED5C30F002FBFF3 /* ABStringsAlphabet.m */; settings = {COMPILER_FLAGS = "-fno-objc-arc"; }; };
		49683A0D1ED5C79700C4390B /* ABAlphabetSpec.m in Sources */ = {isa = PBXBuildFile; fileRef = 49683A0C1ED5C79700C4390B /* ABAlphabetSpec.m */; settings = {COMPILER_FLAGS = "-fno-objc-arc"; }; };
		49A71B911ED5F6D80023306D /* ABCarWashTest.m in Sources */ = {isa = PBXBuildFile; fileRef = 49A71B881ED5F6D80023306D /* ABCarWashTest.m */; };
		49A71B921ED5F6D80023306D /* ABCreatureGenderTest.m in Sources */ = {isa = PBXBuildFile; fileRef = 49A71B8B1ED5F6D80023306D /* ABCreatureGenderTest.m */; };
		49A71B931ED5F6D80023306D /* ABCreatureTest.m in Sources */ = {isa = PBXBuildFile; fileRef = 49A71B8D1ED5F6D80023306D /* ABCreatureTest.m */; };
		49A71B941ED5F6D80023306D /* ABSyntaxTest.m in Sources */ = {isa = PBXBuildFile; fileRef = 49A71B901ED5F6D80023306D /* ABSyntaxTest.m */; };
		53C46E0DCD11103BA67DDF4B /* libPods-ObjectiveCTests.a in Frameworks */ = {isa = PBXBuildFile; fileRef = 7745F17141330D74C6D0AD19 /* libPods-ObjectiveCTests.a */; };
/* End PBXBuildFile section */

/* Begin PBXCopyFilesBuildPhase section */
		6F302B091EA7D17B000D7A95 /* CopyFiles */ = {
			isa = PBXCopyFilesBuildPhase;
			buildActionMask = 2147483647;
			dstPath = /usr/share/man/man1/;
			dstSubfolderSpec = 0;
			files = (
			);
			runOnlyForDeploymentPostprocessing = 1;
		};
/* End PBXCopyFilesBuildPhase section */

/* Begin PBXFileReference section */
		3010582D866E245DF7479DAB /* Pods-ObjectiveCTests.release.xcconfig */ = {isa = PBXFileReference; includeInIndex = 1; lastKnownFileType = text.xcconfig; name = "Pods-ObjectiveCTests.release.xcconfig"; path = "Pods/Target Support Files/Pods-ObjectiveCTests/Pods-ObjectiveCTests.release.xcconfig"; sourceTree = "<group>"; };
		49229EBB1ED5C105002FBFF3 /* ObjectiveCTests.xctest */ = {isa = PBXFileReference; explicitFileType = wrapper.cfbundle; includeInIndex = 0; path = ObjectiveCTests.xctest; sourceTree = BUILT_PRODUCTS_DIR; };
		49229EBF1ED5C105002FBFF3 /* Info.plist */ = {isa = PBXFileReference; lastKnownFileType = text.plist.xml; path = Info.plist; sourceTree = "<group>"; };
		49229EC41ED5C30F002FBFF3 /* main.m */ = {isa = PBXFileReference; fileEncoding = 4; lastKnownFileType = sourcecode.c.objc; path = main.m; sourceTree = "<group>"; };
		49229EC81ED5C30F002FBFF3 /* ABBuilding.h */ = {isa = PBXFileReference; fileEncoding = 4; lastKnownFileType = sourcecode.c.h; path = ABBuilding.h; sourceTree = "<group>"; };
		49229EC91ED5C30F002FBFF3 /* ABBuilding.m */ = {isa = PBXFileReference; fileEncoding = 4; lastKnownFileType = sourcecode.c.objc; path = ABBuilding.m; sourceTree = "<group>"; };
		49229ECB1ED5C30F002FBFF3 /* ABCar.h */ = {isa = PBXFileReference; fileEncoding = 4; lastKnownFileType = sourcecode.c.h; path = ABCar.h; sourceTree = "<group>"; };
		49229ECC1ED5C30F002FBFF3 /* ABCar.m */ = {isa = PBXFileReference; fileEncoding = 4; lastKnownFileType = sourcecode.c.objc; path = ABCar.m; sourceTree = "<group>"; };
		49229ECD1ED5C30F002FBFF3 /* ABCarWash.h */ = {isa = PBXFileReference; fileEncoding = 4; lastKnownFileType = sourcecode.c.h; path = ABCarWash.h; sourceTree = "<group>"; };
		49229ECE1ED5C30F002FBFF3 /* ABCarWash.m */ = {isa = PBXFileReference; fileEncoding = 4; lastKnownFileType = sourcecode.c.objc; path = ABCarWash.m; sourceTree = "<group>"; };
		49229ECF1ED5C30F002FBFF3 /* ABMoneyFlow.h */ = {isa = PBXFileReference; fileEncoding = 4; lastKnownFileType = sourcecode.c.h; path = ABMoneyFlow.h; sourceTree = "<group>"; };
		49229ED11ED5C30F002FBFF3 /* ABCarWashRoom.h */ = {isa = PBXFileReference; fileEncoding = 4; lastKnownFileType = sourcecode.c.h; path = ABCarWashRoom.h; sourceTree = "<group>"; };
		49229ED21ED5C30F002FBFF3 /* ABCarWashRoom.m */ = {isa = PBXFileReference; fileEncoding = 4; lastKnownFileType = sourcecode.c.objc; path = ABCarWashRoom.m; sourceTree = "<group>"; };
		49229ED31ED5C30F002FBFF3 /* ABRoom.h */ = {isa = PBXFileReference; fileEncoding = 4; lastKnownFileType = sourcecode.c.h; path = ABRoom.h; sourceTree = "<group>"; };
		49229ED41ED5C30F002FBFF3 /* ABRoom.m */ = {isa = PBXFileReference; fileEncoding = 4; lastKnownFileType = sourcecode.c.objc; path = ABRoom.m; sourceTree = "<group>"; };
		49229ED61ED5C30F002FBFF3 /* ABAcountant.h */ = {isa = PBXFileReference; fileEncoding = 4; lastKnownFileType = sourcecode.c.h; path = ABAcountant.h; sourceTree = "<group>"; };
		49229ED71ED5C30F002FBFF3 /* ABAcountant.m */ = {isa = PBXFileReference; fileEncoding = 4; lastKnownFileType = sourcecode.c.objc; path = ABAcountant.m; sourceTree = "<group>"; };
		49229ED81ED5C30F002FBFF3 /* ABCarWasher.h */ = {isa = PBXFileReference; fileEncoding = 4; lastKnownFileType = sourcecode.c.h; path = ABCarWasher.h; sourceTree = "<group>"; };
		49229ED91ED5C30F002FBFF3 /* ABCarWasher.m */ = {isa = PBXFileReference; fileEncoding = 4; lastKnownFileType = sourcecode.c.objc; path = ABCarWasher.m; sourceTree = "<group>"; };
		49229EDA1ED5C30F002FBFF3 /* ABDirector.h */ = {isa = PBXFileReference; fileEncoding = 4; lastKnownFileType = sourcecode.c.h; path = ABDirector.h; sourceTree = "<group>"; };
		49229EDB1ED5C30F002FBFF3 /* ABDirector.m */ = {isa = PBXFileReference; fileEncoding = 4; lastKnownFileType = sourcecode.c.objc; path = ABDirector.m; sourceTree = "<group>"; };
		49229EDC1ED5C30F002FBFF3 /* ABWorker.h */ = {isa = PBXFileReference; fileEncoding = 4; lastKnownFileType = sourcecode.c.h; path = ABWorker.h; sourceTree = "<group>"; };
		49229EDD1ED5C30F002FBFF3 /* ABWorker.m */ = {isa = PBXFileReference; fileEncoding = 4; lastKnownFileType = sourcecode.c.objc; path = ABWorker.m; sourceTree = "<group>"; };
		49229EDF1ED5C30F002FBFF3 /* NSArray+ABExtension.h */ = {isa = PBXFileReference; fileEncoding = 4; lastKnownFileType = sourcecode.c.h; path = "NSArray+ABExtension.h"; sourceTree = "<group>"; };
		49229EE01ED5C30F002FBFF3 /* NSArray+ABExtension.m */ = {isa = PBXFileReference; fileEncoding = 4; lastKnownFileType = sourcecode.c.objc; path = "NSArray+ABExtension.m"; sourceTree = "<group>"; };
		49229EE11ED5C30F002FBFF3 /* NSNumber+ABRandomNumber.h */ = {isa = PBXFileReference; fileEncoding = 4; lastKnownFileType = sourcecode.c.h; path = "NSNumber+ABRandomNumber.h"; sourceTree = "<group>"; };
		49229EE21ED5C30F002FBFF3 /* NSNumber+ABRandomNumber.m */ = {isa = PBXFileReference; fileEncoding = 4; lastKnownFileType = sourcecode.c.objc; path = "NSNumber+ABRandomNumber.m"; sourceTree = "<group>"; };
		49229EE31ED5C30F002FBFF3 /* NSObject+ABObjectExtension.h */ = {isa = PBXFileReference; fileEncoding = 4; lastKnownFileType = sourcecode.c.h; path = "NSObject+ABObjectExtension.h"; sourceTree = "<group>"; };
		49229EE41ED5C30F002FBFF3 /* NSObject+ABObjectExtension.m */ = {isa = PBXFileReference; fileEncoding = 4; lastKnownFileType = sourcecode.c.objc; path = "NSObject+ABObjectExtension.m"; sourceTree = "<group>"; };
		49229EE51ED5C30F002FBFF3 /* NSString+ABRandomString.h */ = {isa = PBXFileReference; fileEncoding = 4; lastKnownFileType = sourcecode.c.h; path = "NSString+ABRandomString.h"; sourceTree = "<group>"; };
		49229EE61ED5C30F002FBFF3 /* NSString+ABRandomString.m */ = {isa = PBXFileReference; fileEncoding = 4; lastKnownFileType = sourcecode.c.objc; path = "NSString+ABRandomString.m"; sourceTree = "<group>"; };
		49229EE81ED5C30F002FBFF3 /* ABCreature.h */ = {isa = PBXFileReference; fileEncoding = 4; lastKnownFileType = sourcecode.c.h; path = ABCreature.h; sourceTree = "<group>"; };
		49229EE91ED5C30F002FBFF3 /* ABCreature.m */ = {isa = PBXFileReference; fileEncoding = 4; lastKnownFileType = sourcecode.c.objc; path = ABCreature.m; sourceTree = "<group>"; };
		49229EEA1ED5C30F002FBFF3 /* ABCreatureFemale.h */ = {isa = PBXFileReference; fileEncoding = 4; lastKnownFileType = sourcecode.c.h; path = ABCreatureFemale.h; sourceTree = "<group>"; };
		49229EEB1ED5C30F002FBFF3 /* ABCreatureFemale.m */ = {isa = PBXFileReference; fileEncoding = 4; lastKnownFileType = sourcecode.c.objc; path = ABCreatureFemale.m; sourceTree = "<group>"; };
		49229EEC1ED5C30F002FBFF3 /* ABCreatureMale.h */ = {isa = PBXFileReference; fileEncoding = 4; lastKnownFileType = sourcecode.c.h; path = ABCreatureMale.h; sourceTree = "<group>"; };
		49229EED1ED5C30F002FBFF3 /* ABCreatureMale.m */ = {isa = PBXFileReference; fileEncoding = 4; lastKnownFileType = sourcecode.c.objc; path = ABCreatureMale.m; sourceTree = "<group>"; };
		49229EEE1ED5C30F002FBFF3 /* NSObject+ABCreatureCategory.h */ = {isa = PBXFileReference; fileEncoding = 4; lastKnownFileType = sourcecode.c.h; path = "NSObject+ABCreatureCategory.h"; sourceTree = "<group>"; };
		49229EEF1ED5C30F002FBFF3 /* NSObject+ABCreatureCategory.m */ = {isa = PBXFileReference; fileEncoding = 4; lastKnownFileType = sourcecode.c.objc; path = "NSObject+ABCreatureCategory.m"; sourceTree = "<group>"; };
		49229F021ED5C30F002FBFF3 /* ABEqualityObject.h */ = {isa = PBXFileReference; fileEncoding = 4; lastKnownFileType = sourcecode.c.h; path = ABEqualityObject.h; sourceTree = "<group>"; };
		49229F031ED5C30F002FBFF3 /* ABEqualityObject.m */ = {isa = PBXFileReference; fileEncoding = 4; lastKnownFileType = sourcecode.c.objc; path = ABEqualityObject.m; sourceTree = "<group>"; };
		49229F041ED5C30F002FBFF3 /* ABObjCSyntax.h */ = {isa = PBXFileReference; fileEncoding = 4; lastKnownFileType = sourcecode.c.h; path = ABObjCSyntax.h; sourceTree = "<group>"; };
		49229F051ED5C30F002FBFF3 /* ABObjCSyntax.m */ = {isa = PBXFileReference; fileEncoding = 4; lastKnownFileType = sourcecode.c.objc; path = ABObjCSyntax.m; sourceTree = "<group>"; };
		49229F061ED5C30F002FBFF3 /* ABSyntax+ABCategory.h */ = {isa = PBXFileReference; fileEncoding = 4; lastKnownFileType = sourcecode.c.h; path = "ABSyntax+ABCategory.h"; sourceTree = "<group>"; };
		49229F071ED5C30F002FBFF3 /* ABSyntax+ABCategory.m */ = {isa = PBXFileReference; fileEncoding = 4; lastKnownFileType = sourcecode.c.objc; path = "ABSyntax+ABCategory.m"; sourceTree = "<group>"; };
		49229F081ED5C30F002FBFF3 /* ABSyntax.h */ = {isa = PBXFileReference; fileEncoding = 4; lastKnownFileType = sourcecode.c.h; path = ABSyntax.h; sourceTree = "<group>"; };
		49229F091ED5C30F002FBFF3 /* ABSyntax.m */ = {isa = PBXFileReference; fileEncoding = 4; lastKnownFileType = sourcecode.c.objc; path = ABSyntax.m; sourceTree = "<group>"; };
		49229F0A1ED5C30F002FBFF3 /* ABSyntaxProtocol.h */ = {isa = PBXFileReference; fileEncoding = 4; lastKnownFileType = sourcecode.c.h; path = ABSyntaxProtocol.h; sourceTree = "<group>"; };
		49229F0B1ED5C30F002FBFF3 /* ABSyntaxSubclass.h */ = {isa = PBXFileReference; fileEncoding = 4; lastKnownFileType = sourcecode.c.h; path = ABSyntaxSubclass.h; sourceTree = "<group>"; };
		49229F0C1ED5C30F002FBFF3 /* ABSyntaxSubclass.m */ = {isa = PBXFileReference; fileEncoding = 4; lastKnownFileType = sourcecode.c.objc; path = ABSyntaxSubclass.m; sourceTree = "<group>"; };
		49229F0E1ED5C30F002FBFF3 /* ABAlphabet.h */ = {isa = PBXFileReference; fileEncoding = 4; lastKnownFileType = sourcecode.c.h; path = ABAlphabet.h; sourceTree = "<group>"; };
		49229F0F1ED5C30F002FBFF3 /* ABAlphabet.m */ = {isa = PBXFileReference; fileEncoding = 4; lastKnownFileType = sourcecode.c.objc; path = ABAlphabet.m; sourceTree = "<group>"; };
		49229F101ED5C30F002FBFF3 /* NSString+ABExtensions.h */ = {isa = PBXFileReference; fileEncoding = 4; lastKnownFileType = sourcecode.c.h; path = "NSString+ABExtensions.h"; sourceTree = "<group>"; };
		49229F111ED5C30F002FBFF3 /* NSString+ABExtensions.m */ = {isa = PBXFileReference; fileEncoding = 4; lastKnownFileType = sourcecode.c.objc; path = "NSString+ABExtensions.m"; sourceTree = "<group>"; };
		49229F131ED5C30F002FBFF3 /* ABClasterAlphabet.h */ = {isa = PBXFileReference; fileEncoding = 4; lastKnownFileType = sourcecode.c.h; path = ABClasterAlphabet.h; sourceTree = "<group>"; };
		49229F141ED5C30F002FBFF3 /* ABClasterAlphabet.m */ = {isa = PBXFileReference; fileEncoding = 4; lastKnownFileType = sourcecode.c.objc; path = ABClasterAlphabet.m; sourceTree = "<group>"; };
		49229F151ED5C30F002FBFF3 /* ABRangeAlphabet.h */ = {isa = PBXFileReference; fileEncoding = 4; lastKnownFileType = sourcecode.c.h; path = ABRangeAlphabet.h; sourceTree = "<group>"; };
		49229F161ED5C30F002FBFF3 /* ABRangeAlphabet.m */ = {isa = PBXFileReference; fileEncoding = 4; lastKnownFileType = sourcecode.c.objc; path = ABRangeAlphabet.m; sourceTree = "<group>"; };
		49229F171ED5C30F002FBFF3 /* ABStringsAlphabet.h */ = {isa = PBXFileReference; fileEncoding = 4; lastKnownFileType = sourcecode.c.h; path = ABStringsAlphabet.h; sourceTree = "<group>"; };
		49229F181ED5C30F002FBFF3 /* ABStringsAlphabet.m */ = {isa = PBXFileReference; fileEncoding = 4; lastKnownFileType = sourcecode.c.objc; path = ABStringsAlphabet.m; sourceTree = "<group>"; };
		49683A0C1ED5C79700C4390B /* ABAlphabetSpec.m */ = {isa = PBXFileReference; fileEncoding = 4; lastKnownFileType = sourcecode.c.objc; path = ABAlphabetSpec.m; sourceTree = "<group>"; };
		49A71B871ED5F6D80023306D /* ABCarWashTest.h */ = {isa = PBXFileReference; fileEncoding = 4; lastKnownFileType = sourcecode.c.h; path = ABCarWashTest.h; sourceTree = "<group>"; };
		49A71B881ED5F6D80023306D /* ABCarWashTest.m */ = {isa = PBXFileReference; fileEncoding = 4; lastKnownFileType = sourcecode.c.objc; path = ABCarWashTest.m; sourceTree = "<group>"; };
		49A71B8A1ED5F6D80023306D /* ABCreatureGenderTest.h */ = {isa = PBXFileReference; fileEncoding = 4; lastKnownFileType = sourcecode.c.h; path = ABCreatureGenderTest.h; sourceTree = "<group>"; };
		49A71B8B1ED5F6D80023306D /* ABCreatureGenderTest.m */ = {isa = PBXFileReference; fileEncoding = 4; lastKnownFileType = sourcecode.c.objc; path = ABCreatureGenderTest.m; sourceTree = "<group>"; };
		49A71B8C1ED5F6D80023306D /* ABCreatureTest.h */ = {isa = PBXFileReference; fileEncoding = 4; lastKnownFileType = sourcecode.c.h; path = ABCreatureTest.h; sourceTree = "<group>"; };
		49A71B8D1ED5F6D80023306D /* ABCreatureTest.m */ = {isa = PBXFileReference; fileEncoding = 4; lastKnownFileType = sourcecode.c.objc; path = ABCreatureTest.m; sourceTree = "<group>"; };
		49A71B8F1ED5F6D80023306D /* ABSyntaxTest.h */ = {isa = PBXFileReference; fileEncoding = 4; lastKnownFileType = sourcecode.c.h; path = ABSyntaxTest.h; sourceTree = "<group>"; };
		49A71B901ED5F6D80023306D /* ABSyntaxTest.m */ = {isa = PBXFileReference; fileEncoding = 4; lastKnownFileType = sourcecode.c.objc; path = ABSyntaxTest.m; sourceTree = "<group>"; };
		6F302B0B1EA7D17B000D7A95 /* Objective-C */ = {isa = PBXFileReference; explicitFileType = "compiled.mach-o.executable"; includeInIndex = 0; path = "Objective-C"; sourceTree = BUILT_PRODUCTS_DIR; };
		7745F17141330D74C6D0AD19 /* libPods-ObjectiveCTests.a */ = {isa = PBXFileReference; explicitFileType = archive.ar; includeInIndex = 0; path = "libPods-ObjectiveCTests.a"; sourceTree = BUILT_PRODUCTS_DIR; };
		DB592A6194EFAE8857AA4AC3 /* Pods-ObjectiveCTests.debug.xcconfig */ = {isa = PBXFileReference; includeInIndex = 1; lastKnownFileType = text.xcconfig; name = "Pods-ObjectiveCTests.debug.xcconfig"; path = "Pods/Target Support Files/Pods-ObjectiveCTests/Pods-ObjectiveCTests.debug.xcconfig"; sourceTree = "<group>"; };
/* End PBXFileReference section */

/* Begin PBXFrameworksBuildPhase section */
		49229EB81ED5C105002FBFF3 /* Frameworks */ = {
			isa = PBXFrameworksBuildPhase;
			buildActionMask = 2147483647;
			files = (
				53C46E0DCD11103BA67DDF4B /* libPods-ObjectiveCTests.a in Frameworks */,
			);
			runOnlyForDeploymentPostprocessing = 0;
		};
		6F302B081EA7D17B000D7A95 /* Frameworks */ = {
			isa = PBXFrameworksBuildPhase;
			buildActionMask = 2147483647;
			files = (
			);
			runOnlyForDeploymentPostprocessing = 0;
		};
/* End PBXFrameworksBuildPhase section */

/* Begin PBXGroup section */
		1920B6C2280AD309E0A98006 /* Pods */ = {
			isa = PBXGroup;
			children = (
				DB592A6194EFAE8857AA4AC3 /* Pods-ObjectiveCTests.debug.xcconfig */,
				3010582D866E245DF7479DAB /* Pods-ObjectiveCTests.release.xcconfig */,
			);
			name = Pods;
			sourceTree = "<group>";
		};
		49229EBC1ED5C105002FBFF3 /* ObjectiveCTests */ = {
			isa = PBXGroup;
			children = (
				49683A0B1ED5C52200C4390B /* Specs */,
				49229EBF1ED5C105002FBFF3 /* Info.plist */,
			);
			path = ObjectiveCTests;
			sourceTree = "<group>";
		};
		49229EC31ED5C30F002FBFF3 /* Objective-C */ = {
			isa = PBXGroup;
			children = (
				49229EC41ED5C30F002FBFF3 /* main.m */,
				49229EC51ED5C30F002FBFF3 /* Source */,
				49229F191ED5C30F002FBFF3 /* Test */,
			);
			path = "Objective-C";
			sourceTree = "<group>";
		};
		49229EC51ED5C30F002FBFF3 /* Source */ = {
			isa = PBXGroup;
			children = (
				49229EC61ED5C30F002FBFF3 /* ABCarWash */,
				49229EDE1ED5C30F002FBFF3 /* ABCategory */,
				49229EE71ED5C30F002FBFF3 /* ABCreature */,
				49229F011ED5C30F002FBFF3 /* Syntax */,
			);
			path = Source;
			sourceTree = "<group>";
		};
		49229EC61ED5C30F002FBFF3 /* ABCarWash */ = {
			isa = PBXGroup;
			children = (
				49229EC71ED5C30F002FBFF3 /* ABBuilding */,
				49229ECA1ED5C30F002FBFF3 /* ABCar */,
				49229ECD1ED5C30F002FBFF3 /* ABCarWash.h */,
				49229ECE1ED5C30F002FBFF3 /* ABCarWash.m */,
				49229ECF1ED5C30F002FBFF3 /* ABMoneyFlow.h */,
				49229ED01ED5C30F002FBFF3 /* ABRoom */,
				49229ED51ED5C30F002FBFF3 /* ABWorker */,
			);
			path = ABCarWash;
			sourceTree = "<group>";
		};
		49229EC71ED5C30F002FBFF3 /* ABBuilding */ = {
			isa = PBXGroup;
			children = (
				49229EC81ED5C30F002FBFF3 /* ABBuilding.h */,
				49229EC91ED5C30F002FBFF3 /* ABBuilding.m */,
			);
			path = ABBuilding;
			sourceTree = "<group>";
		};
		49229ECA1ED5C30F002FBFF3 /* ABCar */ = {
			isa = PBXGroup;
			children = (
				49229ECB1ED5C30F002FBFF3 /* ABCar.h */,
				49229ECC1ED5C30F002FBFF3 /* ABCar.m */,
			);
			path = ABCar;
			sourceTree = "<group>";
		};
		49229ED01ED5C30F002FBFF3 /* ABRoom */ = {
			isa = PBXGroup;
			children = (
				49229ED11ED5C30F002FBFF3 /* ABCarWashRoom.h */,
				49229ED21ED5C30F002FBFF3 /* ABCarWashRoom.m */,
				49229ED31ED5C30F002FBFF3 /* ABRoom.h */,
				49229ED41ED5C30F002FBFF3 /* ABRoom.m */,
			);
			path = ABRoom;
			sourceTree = "<group>";
		};
		49229ED51ED5C30F002FBFF3 /* ABWorker */ = {
			isa = PBXGroup;
			children = (
				49229ED61ED5C30F002FBFF3 /* ABAcountant.h */,
				49229ED71ED5C30F002FBFF3 /* ABAcountant.m */,
				49229ED81ED5C30F002FBFF3 /* ABCarWasher.h */,
				49229ED91ED5C30F002FBFF3 /* ABCarWasher.m */,
				49229EDA1ED5C30F002FBFF3 /* ABDirector.h */,
				49229EDB1ED5C30F002FBFF3 /* ABDirector.m */,
				49229EDC1ED5C30F002FBFF3 /* ABWorker.h */,
				49229EDD1ED5C30F002FBFF3 /* ABWorker.m */,
			);
			path = ABWorker;
			sourceTree = "<group>";
		};
		49229EDE1ED5C30F002FBFF3 /* ABCategory */ = {
			isa = PBXGroup;
			children = (
				49229EDF1ED5C30F002FBFF3 /* NSArray+ABExtension.h */,
				49229EE01ED5C30F002FBFF3 /* NSArray+ABExtension.m */,
				49229EE11ED5C30F002FBFF3 /* NSNumber+ABRandomNumber.h */,
				49229EE21ED5C30F002FBFF3 /* NSNumber+ABRandomNumber.m */,
				49229EE31ED5C30F002FBFF3 /* NSObject+ABObjectExtension.h */,
				49229EE41ED5C30F002FBFF3 /* NSObject+ABObjectExtension.m */,
				49229EE51ED5C30F002FBFF3 /* NSString+ABRandomString.h */,
				49229EE61ED5C30F002FBFF3 /* NSString+ABRandomString.m */,
			);
			path = ABCategory;
			sourceTree = "<group>";
		};
		49229EE71ED5C30F002FBFF3 /* ABCreature */ = {
			isa = PBXGroup;
			children = (
				49229EE81ED5C30F002FBFF3 /* ABCreature.h */,
				49229EE91ED5C30F002FBFF3 /* ABCreature.m */,
				49229EEA1ED5C30F002FBFF3 /* ABCreatureFemale.h */,
				49229EEB1ED5C30F002FBFF3 /* ABCreatureFemale.m */,
				49229EEC1ED5C30F002FBFF3 /* ABCreatureMale.h */,
				49229EED1ED5C30F002FBFF3 /* ABCreatureMale.m */,
				49229EEE1ED5C30F002FBFF3 /* NSObject+ABCreatureCategory.h */,
				49229EEF1ED5C30F002FBFF3 /* NSObject+ABCreatureCategory.m */,
			);
			path = ABCreature;
			sourceTree = "<group>";
		};
		49229F011ED5C30F002FBFF3 /* Syntax */ = {
			isa = PBXGroup;
			children = (
				49229F021ED5C30F002FBFF3 /* ABEqualityObject.h */,
				49229F031ED5C30F002FBFF3 /* ABEqualityObject.m */,
				49229F041ED5C30F002FBFF3 /* ABObjCSyntax.h */,
				49229F051ED5C30F002FBFF3 /* ABObjCSyntax.m */,
				49229F061ED5C30F002FBFF3 /* ABSyntax+ABCategory.h */,
				49229F071ED5C30F002FBFF3 /* ABSyntax+ABCategory.m */,
				49229F081ED5C30F002FBFF3 /* ABSyntax.h */,
				49229F091ED5C30F002FBFF3 /* ABSyntax.m */,
				49229F0A1ED5C30F002FBFF3 /* ABSyntaxProtocol.h */,
				49229F0B1ED5C30F002FBFF3 /* ABSyntaxSubclass.h */,
				49229F0C1ED5C30F002FBFF3 /* ABSyntaxSubclass.m */,
				49229F0D1ED5C30F002FBFF3 /* Category */,
			);
			path = Syntax;
			sourceTree = "<group>";
		};
		49229F0D1ED5C30F002FBFF3 /* Category */ = {
			isa = PBXGroup;
			children = (
				49229F0E1ED5C30F002FBFF3 /* ABAlphabet.h */,
				49229F0F1ED5C30F002FBFF3 /* ABAlphabet.m */,
				49229F101ED5C30F002FBFF3 /* NSString+ABExtensions.h */,
				49229F111ED5C30F002FBFF3 /* NSString+ABExtensions.m */,
				49229F121ED5C30F002FBFF3 /* Private */,
			);
			path = Category;
			sourceTree = "<group>";
		};
		49229F121ED5C30F002FBFF3 /* Private */ = {
			isa = PBXGroup;
			children = (
				49229F131ED5C30F002FBFF3 /* ABClasterAlphabet.h */,
				49229F141ED5C30F002FBFF3 /* ABClasterAlphabet.m */,
				49229F151ED5C30F002FBFF3 /* ABRangeAlphabet.h */,
				49229F161ED5C30F002FBFF3 /* ABRangeAlphabet.m */,
				49229F171ED5C30F002FBFF3 /* ABStringsAlphabet.h */,
				49229F181ED5C30F002FBFF3 /* ABStringsAlphabet.m */,
			);
			path = Private;
			sourceTree = "<group>";
		};
		49229F191ED5C30F002FBFF3 /* Test */ = {
			isa = PBXGroup;
			children = (
				49A71B861ED5F6D80023306D /* CarWashTest */,
				49A71B891ED5F6D80023306D /* CreatureTest */,
				49A71B8E1ED5F6D80023306D /* SyntaxTest */,
			);
			path = Test;
			sourceTree = "<group>";
		};
		49683A0B1ED5C52200C4390B /* Specs */ = {
			isa = PBXGroup;
			children = (
				49683A0C1ED5C79700C4390B /* ABAlphabetSpec.m */,
			);
			path = Specs;
			sourceTree = "<group>";
		};
		49A71B861ED5F6D80023306D /* CarWashTest */ = {
			isa = PBXGroup;
			children = (
				49A71B871ED5F6D80023306D /* ABCarWashTest.h */,
				49A71B881ED5F6D80023306D /* ABCarWashTest.m */,
			);
			path = CarWashTest;
			sourceTree = "<group>";
		};
		49A71B891ED5F6D80023306D /* CreatureTest */ = {
			isa = PBXGroup;
			children = (
				49A71B8A1ED5F6D80023306D /* ABCreatureGenderTest.h */,
				49A71B8B1ED5F6D80023306D /* ABCreatureGenderTest.m */,
				49A71B8C1ED5F6D80023306D /* ABCreatureTest.h */,
				49A71B8D1ED5F6D80023306D /* ABCreatureTest.m */,
			);
			path = CreatureTest;
			sourceTree = "<group>";
		};
		49A71B8E1ED5F6D80023306D /* SyntaxTest */ = {
			isa = PBXGroup;
			children = (
				49A71B8F1ED5F6D80023306D /* ABSyntaxTest.h */,
				49A71B901ED5F6D80023306D /* ABSyntaxTest.m */,
			);
			path = SyntaxTest;
			sourceTree = "<group>";
		};
		5751FC6B93627A6CF7E0C4C1 /* Frameworks */ = {
			isa = PBXGroup;
			children = (
				7745F17141330D74C6D0AD19 /* libPods-ObjectiveCTests.a */,
			);
			name = Frameworks;
			sourceTree = "<group>";
		};
		6F3A20E91EA61390000D6620 = {
			isa = PBXGroup;
			children = (
				49229EC31ED5C30F002FBFF3 /* Objective-C */,
				49229EBC1ED5C105002FBFF3 /* ObjectiveCTests */,
				6F3A20F31EA61390000D6620 /* Products */,
				1920B6C2280AD309E0A98006 /* Pods */,
				5751FC6B93627A6CF7E0C4C1 /* Frameworks */,
			);
			sourceTree = "<group>";
		};
		6F3A20F31EA61390000D6620 /* Products */ = {
			isa = PBXGroup;
			children = (
				6F302B0B1EA7D17B000D7A95 /* Objective-C */,
				49229EBB1ED5C105002FBFF3 /* ObjectiveCTests.xctest */,
			);
			name = Products;
			sourceTree = "<group>";
		};
/* End PBXGroup section */

/* Begin PBXNativeTarget section */
		49229EBA1ED5C105002FBFF3 /* ObjectiveCTests */ = {
			isa = PBXNativeTarget;
			buildConfigurationList = 49229EC01ED5C105002FBFF3 /* Build configuration list for PBXNativeTarget "ObjectiveCTests" */;
			buildPhases = (
				5B187ABB6ED7CD71D2227214 /* [CP] Check Pods Manifest.lock */,
				49229EB71ED5C105002FBFF3 /* Sources */,
				49229EB81ED5C105002FBFF3 /* Frameworks */,
				49229EB91ED5C105002FBFF3 /* Resources */,
				AEE0FAB9936148BB3CF8DA9C /* [CP] Embed Pods Frameworks */,
				59E4112205554660219D6C97 /* [CP] Copy Pods Resources */,
			);
			buildRules = (
			);
			dependencies = (
			);
			name = ObjectiveCTests;
			productName = ObjectiveCTests;
			productReference = 49229EBB1ED5C105002FBFF3 /* ObjectiveCTests.xctest */;
			productType = "com.apple.product-type.bundle.unit-test";
		};
		6F302B0A1EA7D17B000D7A95 /* Objective-C */ = {
			isa = PBXNativeTarget;
			buildConfigurationList = 6F302B0F1EA7D17B000D7A95 /* Build configuration list for PBXNativeTarget "Objective-C" */;
			buildPhases = (
				6F302B071EA7D17B000D7A95 /* Sources */,
				6F302B081EA7D17B000D7A95 /* Frameworks */,
				6F302B091EA7D17B000D7A95 /* CopyFiles */,
			);
			buildRules = (
			);
			dependencies = (
			);
			name = "Objective-C";
			productName = "Objective-C";
			productReference = 6F302B0B1EA7D17B000D7A95 /* Objective-C */;
			productType = "com.apple.product-type.tool";
		};
/* End PBXNativeTarget section */

/* Begin PBXProject section */
		6F3A20EA1EA61390000D6620 /* Project object */ = {
			isa = PBXProject;
			attributes = {
				LastUpgradeCheck = 0830;
				ORGANIZATIONNAME = "Andrew Boychuk";
				TargetAttributes = {
					49229EBA1ED5C105002FBFF3 = {
						CreatedOnToolsVersion = 8.3.2;
						ProvisioningStyle = Automatic;
					};
					6F302B0A1EA7D17B000D7A95 = {
						CreatedOnToolsVersion = 8.3.1;
						ProvisioningStyle = Automatic;
					};
				};
			};
			buildConfigurationList = 6F3A20ED1EA61390000D6620 /* Build configuration list for PBXProject "IDAPCourse" */;
			compatibilityVersion = "Xcode 3.2";
			developmentRegion = English;
			hasScannedForEncodings = 0;
			knownRegions = (
				en,
			);
			mainGroup = 6F3A20E91EA61390000D6620;
			productRefGroup = 6F3A20F31EA61390000D6620 /* Products */;
			projectDirPath = "";
			projectRoot = "";
			targets = (
				6F302B0A1EA7D17B000D7A95 /* Objective-C */,
				49229EBA1ED5C105002FBFF3 /* ObjectiveCTests */,
			);
		};
/* End PBXProject section */

/* Begin PBXResourcesBuildPhase section */
		49229EB91ED5C105002FBFF3 /* Resources */ = {
			isa = PBXResourcesBuildPhase;
			buildActionMask = 2147483647;
			files = (
			);
			runOnlyForDeploymentPostprocessing = 0;
		};
/* End PBXResourcesBuildPhase section */

/* Begin PBXShellScriptBuildPhase section */
		59E4112205554660219D6C97 /* [CP] Copy Pods Resources */ = {
			isa = PBXShellScriptBuildPhase;
			buildActionMask = 2147483647;
			files = (
			);
			inputPaths = (
			);
			name = "[CP] Copy Pods Resources";
			outputPaths = (
			);
			runOnlyForDeploymentPostprocessing = 0;
			shellPath = /bin/sh;
			shellScript = "\"${SRCROOT}/Pods/Target Support Files/Pods-ObjectiveCTests/Pods-ObjectiveCTests-resources.sh\"\n";
			showEnvVarsInLog = 0;
		};
		5B187ABB6ED7CD71D2227214 /* [CP] Check Pods Manifest.lock */ = {
			isa = PBXShellScriptBuildPhase;
			buildActionMask = 2147483647;
			files = (
			);
			inputPaths = (
			);
			name = "[CP] Check Pods Manifest.lock";
			outputPaths = (
			);
			runOnlyForDeploymentPostprocessing = 0;
			shellPath = /bin/sh;
			shellScript = "diff \"${PODS_PODFILE_DIR_PATH}/Podfile.lock\" \"${PODS_ROOT}/Manifest.lock\" > /dev/null\nif [ $? != 0 ] ; then\n    # print error to STDERR\n    echo \"error: The sandbox is not in sync with the Podfile.lock. Run 'pod install' or update your CocoaPods installation.\" >&2\n    exit 1\nfi\n";
			showEnvVarsInLog = 0;
		};
		AEE0FAB9936148BB3CF8DA9C /* [CP] Embed Pods Frameworks */ = {
			isa = PBXShellScriptBuildPhase;
			buildActionMask = 2147483647;
			files = (
			);
			inputPaths = (
			);
			name = "[CP] Embed Pods Frameworks";
			outputPaths = (
			);
			runOnlyForDeploymentPostprocessing = 0;
			shellPath = /bin/sh;
			shellScript = "\"${SRCROOT}/Pods/Target Support Files/Pods-ObjectiveCTests/Pods-ObjectiveCTests-frameworks.sh\"\n";
			showEnvVarsInLog = 0;
		};
/* End PBXShellScriptBuildPhase section */

/* Begin PBXSourcesBuildPhase section */
		49229EB71ED5C105002FBFF3 /* Sources */ = {
			isa = PBXSourcesBuildPhase;
			buildActionMask = 2147483647;
			files = (
				49229F631ED5C310002FBFF3 /* ABClasterAlphabet.m in Sources */,
				49229F5B1ED5C310002FBFF3 /* ABSyntax.m in Sources */,
				49229F3B1ED5C310002FBFF3 /* NSObject+ABObjectExtension.m in Sources */,
				49229F271ED5C310002FBFF3 /* ABCar.m in Sources */,
				49229F2D1ED5C310002FBFF3 /* ABRoom.m in Sources */,
				49229F551ED5C310002FBFF3 /* ABEqualityObject.m in Sources */,
				49229F451ED5C310002FBFF3 /* NSObject+ABCreatureCategory.m in Sources */,
				49229F611ED5C310002FBFF3 /* NSString+ABExtensions.m in Sources */,
				49229F571ED5C310002FBFF3 /* ABObjCSyntax.m in Sources */,
				49229F391ED5C310002FBFF3 /* NSNumber+ABRandomNumber.m in Sources */,
				49229F2B1ED5C310002FBFF3 /* ABCarWashRoom.m in Sources */,
				49229F411ED5C310002FBFF3 /* ABCreatureFemale.m in Sources */,
				49229F311ED5C310002FBFF3 /* ABCarWasher.m in Sources */,
				49229F671ED5C310002FBFF3 /* ABStringsAlphabet.m in Sources */,
				49229F331ED5C310002FBFF3 /* ABDirector.m in Sources */,
				49229F431ED5C310002FBFF3 /* ABCreatureMale.m in Sources */,
				49229F251ED5C30F002FBFF3 /* ABBuilding.m in Sources */,
				49229F3D1ED5C310002FBFF3 /* NSString+ABRandomString.m in Sources */,
				49229F651ED5C310002FBFF3 /* ABRangeAlphabet.m in Sources */,
				49683A0D1ED5C79700C4390B /* ABAlphabetSpec.m in Sources */,
				49229F591ED5C310002FBFF3 /* ABSyntax+ABCategory.m in Sources */,
				49229F5F1ED5C310002FBFF3 /* ABAlphabet.m in Sources */,
				49229F351ED5C310002FBFF3 /* ABWorker.m in Sources */,
				49229F291ED5C310002FBFF3 /* ABCarWash.m in Sources */,
				49229F5D1ED5C310002FBFF3 /* ABSyntaxSubclass.m in Sources */,
				49229F3F1ED5C310002FBFF3 /* ABCreature.m in Sources */,
				49229F2F1ED5C310002FBFF3 /* ABAcountant.m in Sources */,
				49229F371ED5C310002FBFF3 /* NSArray+ABExtension.m in Sources */,
			);
			runOnlyForDeploymentPostprocessing = 0;
		};
		6F302B071EA7D17B000D7A95 /* Sources */ = {
			isa = PBXSourcesBuildPhase;
			buildActionMask = 2147483647;
			files = (
				49229F621ED5C310002FBFF3 /* ABClasterAlphabet.m in Sources */,
				49229F5A1ED5C310002FBFF3 /* ABSyntax.m in Sources */,
				49229F3A1ED5C310002FBFF3 /* NSObject+ABObjectExtension.m in Sources */,
				49229F261ED5C310002FBFF3 /* ABCar.m in Sources */,
				49229F2C1ED5C310002FBFF3 /* ABRoom.m in Sources */,
				49229F541ED5C310002FBFF3 /* ABEqualityObject.m in Sources */,
				49229F441ED5C310002FBFF3 /* NSObject+ABCreatureCategory.m in Sources */,
				49229F601ED5C310002FBFF3 /* NSString+ABExtensions.m in Sources */,
				49229F561ED5C310002FBFF3 /* ABObjCSyntax.m in Sources */,
				49229F381ED5C310002FBFF3 /* NSNumber+ABRandomNumber.m in Sources */,
				49229F2A1ED5C310002FBFF3 /* ABCarWashRoom.m in Sources */,
				49A71B911ED5F6D80023306D /* ABCarWashTest.m in Sources */,
				49229F401ED5C310002FBFF3 /* ABCreatureFemale.m in Sources */,
				49229F301ED5C310002FBFF3 /* ABCarWasher.m in Sources */,
				49229F661ED5C310002FBFF3 /* ABStringsAlphabet.m in Sources */,
				49A71B931ED5F6D80023306D /* ABCreatureTest.m in Sources */,
				49229F321ED5C310002FBFF3 /* ABDirector.m in Sources */,
				49229F421ED5C310002FBFF3 /* ABCreatureMale.m in Sources */,
				49229F241ED5C30F002FBFF3 /* ABBuilding.m in Sources */,
				49A71B941ED5F6D80023306D /* ABSyntaxTest.m in Sources */,
				49229F3C1ED5C310002FBFF3 /* NSString+ABRandomString.m in Sources */,
				49229F641ED5C310002FBFF3 /* ABRangeAlphabet.m in Sources */,
				49229F581ED5C310002FBFF3 /* ABSyntax+ABCategory.m in Sources */,
				49229F5E1ED5C310002FBFF3 /* ABAlphabet.m in Sources */,
				49229F341ED5C310002FBFF3 /* ABWorker.m in Sources */,
				49229F281ED5C310002FBFF3 /* ABCarWash.m in Sources */,
				49A71B921ED5F6D80023306D /* ABCreatureGenderTest.m in Sources */,
				49229F5C1ED5C310002FBFF3 /* ABSyntaxSubclass.m in Sources */,
				49229F3E1ED5C310002FBFF3 /* ABCreature.m in Sources */,
				49229F221ED5C30F002FBFF3 /* main.m in Sources */,
				49229F2E1ED5C310002FBFF3 /* ABAcountant.m in Sources */,
				49229F361ED5C310002FBFF3 /* NSArray+ABExtension.m in Sources */,
			);
			runOnlyForDeploymentPostprocessing = 0;
		};
/* End PBXSourcesBuildPhase section */

/* Begin XCBuildConfiguration section */
		49229EC11ED5C105002FBFF3 /* Debug */ = {
			isa = XCBuildConfiguration;
			baseConfigurationReference = DB592A6194EFAE8857AA4AC3 /* Pods-ObjectiveCTests.debug.xcconfig */;
			buildSettings = {
				CLANG_ENABLE_OBJC_ARC = YES;
				COMBINE_HIDPI_IMAGES = YES;
				INFOPLIST_FILE = ObjectiveCTests/Info.plist;
				LD_RUNPATH_SEARCH_PATHS = "$(inherited) @executable_path/../Frameworks @loader_path/../Frameworks";
				PRODUCT_BUNDLE_IDENTIFIER = AB.ObjectiveCTests;
				PRODUCT_NAME = "$(TARGET_NAME)";
			};
			name = Debug;
		};
		49229EC21ED5C105002FBFF3 /* Release */ = {
			isa = XCBuildConfiguration;
			baseConfigurationReference = 3010582D866E245DF7479DAB /* Pods-ObjectiveCTests.release.xcconfig */;
			buildSettings = {
				CLANG_ENABLE_OBJC_ARC = YES;
				COMBINE_HIDPI_IMAGES = YES;
				INFOPLIST_FILE = ObjectiveCTests/Info.plist;
				LD_RUNPATH_SEARCH_PATHS = "$(inherited) @executable_path/../Frameworks @loader_path/../Frameworks";
				PRODUCT_BUNDLE_IDENTIFIER = AB.ObjectiveCTests;
				PRODUCT_NAME = "$(TARGET_NAME)";
			};
			name = Release;
		};
		6F302B101EA7D17B000D7A95 /* Debug */ = {
			isa = XCBuildConfiguration;
			buildSettings = {
				CLANG_ENABLE_OBJC_ARC = NO;
				MACOSX_DEPLOYMENT_TARGET = 10.11;
				PRODUCT_NAME = "$(TARGET_NAME)";
			};
			name = Debug;
		};
		6F302B111EA7D17B000D7A95 /* Release */ = {
			isa = XCBuildConfiguration;
			buildSettings = {
				CLANG_ENABLE_OBJC_ARC = NO;
				MACOSX_DEPLOYMENT_TARGET = 10.11;
				PRODUCT_NAME = "$(TARGET_NAME)";
			};
			name = Release;
		};
		6F3A20F71EA61390000D6620 /* Debug */ = {
			isa = XCBuildConfiguration;
			buildSettings = {
				ALWAYS_SEARCH_USER_PATHS = NO;
				CLANG_ANALYZER_NONNULL = YES;
				CLANG_ANALYZER_NUMBER_OBJECT_CONVERSION = YES_AGGRESSIVE;
				CLANG_CXX_LANGUAGE_STANDARD = "gnu++0x";
				CLANG_CXX_LIBRARY = "libc++";
				CLANG_ENABLE_MODULES = YES;
				CLANG_ENABLE_OBJC_ARC = YES;
				CLANG_WARN_BOOL_CONVERSION = YES;
				CLANG_WARN_CONSTANT_CONVERSION = YES;
				CLANG_WARN_DIRECT_OBJC_ISA_USAGE = YES_ERROR;
				CLANG_WARN_DOCUMENTATION_COMMENTS = YES;
				CLANG_WARN_EMPTY_BODY = YES;
				CLANG_WARN_ENUM_CONVERSION = YES;
				CLANG_WARN_INFINITE_RECURSION = YES;
				CLANG_WARN_INT_CONVERSION = YES;
				CLANG_WARN_OBJC_ROOT_CLASS = YES_ERROR;
				CLANG_WARN_SUSPICIOUS_MOVE = YES;
				CLANG_WARN_UNREACHABLE_CODE = YES;
				CLANG_WARN__DUPLICATE_METHOD_MATCH = YES;
				CODE_SIGN_IDENTITY = "-";
				COPY_PHASE_STRIP = NO;
				DEBUG_INFORMATION_FORMAT = dwarf;
				ENABLE_STRICT_OBJC_MSGSEND = YES;
				ENABLE_TESTABILITY = YES;
				GCC_C_LANGUAGE_STANDARD = gnu99;
				GCC_DYNAMIC_NO_PIC = NO;
				GCC_NO_COMMON_BLOCKS = YES;
				GCC_OPTIMIZATION_LEVEL = 0;
				GCC_PREPROCESSOR_DEFINITIONS = (
					"DEBUG=1",
					"$(inherited)",
				);
				GCC_WARN_64_TO_32_BIT_CONVERSION = YES;
				GCC_WARN_ABOUT_RETURN_TYPE = YES_ERROR;
				GCC_WARN_UNDECLARED_SELECTOR = YES;
				GCC_WARN_UNINITIALIZED_AUTOS = YES_AGGRESSIVE;
				GCC_WARN_UNUSED_FUNCTION = YES;
				GCC_WARN_UNUSED_VARIABLE = YES;
				MACOSX_DEPLOYMENT_TARGET = 10.12;
				MTL_ENABLE_DEBUG_INFO = YES;
				ONLY_ACTIVE_ARCH = YES;
				SDKROOT = macosx;
			};
			name = Debug;
		};
		6F3A20F81EA61390000D6620 /* Release */ = {
			isa = XCBuildConfiguration;
			buildSettings = {
				ALWAYS_SEARCH_USER_PATHS = NO;
				CLANG_ANALYZER_NONNULL = YES;
				CLANG_ANALYZER_NUMBER_OBJECT_CONVERSION = YES_AGGRESSIVE;
				CLANG_CXX_LANGUAGE_STANDARD = "gnu++0x";
				CLANG_CXX_LIBRARY = "libc++";
				CLANG_ENABLE_MODULES = YES;
				CLANG_ENABLE_OBJC_ARC = YES;
				CLANG_WARN_BOOL_CONVERSION = YES;
				CLANG_WARN_CONSTANT_CONVERSION = YES;
				CLANG_WARN_DIRECT_OBJC_ISA_USAGE = YES_ERROR;
				CLANG_WARN_DOCUMENTATION_COMMENTS = YES;
				CLANG_WARN_EMPTY_BODY = YES;
				CLANG_WARN_ENUM_CONVERSION = YES;
				CLANG_WARN_INFINITE_RECURSION = YES;
				CLANG_WARN_INT_CONVERSION = YES;
				CLANG_WARN_OBJC_ROOT_CLASS = YES_ERROR;
				CLANG_WARN_SUSPICIOUS_MOVE = YES;
				CLANG_WARN_UNREACHABLE_CODE = YES;
				CLANG_WARN__DUPLICATE_METHOD_MATCH = YES;
				CODE_SIGN_IDENTITY = "-";
				COPY_PHASE_STRIP = NO;
				DEBUG_INFORMATION_FORMAT = "dwarf-with-dsym";
				ENABLE_NS_ASSERTIONS = NO;
				ENABLE_STRICT_OBJC_MSGSEND = YES;
				GCC_C_LANGUAGE_STANDARD = gnu99;
				GCC_NO_COMMON_BLOCKS = YES;
				GCC_WARN_64_TO_32_BIT_CONVERSION = YES;
				GCC_WARN_ABOUT_RETURN_TYPE = YES_ERROR;
				GCC_WARN_UNDECLARED_SELECTOR = YES;
				GCC_WARN_UNINITIALIZED_AUTOS = YES_AGGRESSIVE;
				GCC_WARN_UNUSED_FUNCTION = YES;
				GCC_WARN_UNUSED_VARIABLE = YES;
				MACOSX_DEPLOYMENT_TARGET = 10.12;
				MTL_ENABLE_DEBUG_INFO = NO;
				SDKROOT = macosx;
			};
			name = Release;
		};
/* End XCBuildConfiguration section */

/* Begin XCConfigurationList section */
		49229EC01ED5C105002FBFF3 /* Build configuration list for PBXNativeTarget "ObjectiveCTests" */ = {
			isa = XCConfigurationList;
			buildConfigurations = (
				49229EC11ED5C105002FBFF3 /* Debug */,
				49229EC21ED5C105002FBFF3 /* Release */,
			);
			defaultConfigurationIsVisible = 0;
			defaultConfigurationName = Release;
		};
		6F302B0F1EA7D17B000D7A95 /* Build configuration list for PBXNativeTarget "Objective-C" */ = {
			isa = XCConfigurationList;
			buildConfigurations = (
				6F302B101EA7D17B000D7A95 /* Debug */,
				6F302B111EA7D17B000D7A95 /* Release */,
			);
			defaultConfigurationIsVisible = 0;
			defaultConfigurationName = Release;
		};
		6F3A20ED1EA61390000D6620 /* Build configuration list for PBXProject "IDAPCourse" */ = {
			isa = XCConfigurationList;
			buildConfigurations = (
				6F3A20F71EA61390000D6620 /* Debug */,
				6F3A20F81EA61390000D6620 /* Release */,
			);
			defaultConfigurationIsVisible = 0;
			defaultConfigurationName = Release;
		};
/* End XCConfigurationList section */
	};
	rootObject = 6F3A20EA1EA61390000D6620 /* Project object */;
}
