// !$*UTF8*$!
{
	archiveVersion = 1;
	classes = {
	};
	objectVersion = 46;
	objects = {

/* Begin PBXBuildFile section */
		6F302B0E1EA7D17B000D7A95 /* main.m in Sources */ = {isa = PBXBuildFile; fileRef = 6F302B0D1EA7D17B000D7A95 /* main.m */; };
		6F302B461EA7D288000D7A95 /* main.c in Sources */ = {isa = PBXBuildFile; fileRef = 6F302B351EA7D288000D7A95 /* main.c */; };
		6F302B481EA7D288000D7A95 /* ABMamaPapa.c in Sources */ = {isa = PBXBuildFile; fileRef = 6F302B391EA7D288000D7A95 /* ABMamaPapa.c */; };
		6F302B491EA7D288000D7A95 /* ABPrintBits.c in Sources */ = {isa = PBXBuildFile; fileRef = 6F302B3B1EA7D288000D7A95 /* ABPrintBits.c */; };
		6F302B4B1EA7D288000D7A95 /* ABPrintOffset.c in Sources */ = {isa = PBXBuildFile; fileRef = 6F302B3F1EA7D288000D7A95 /* ABPrintOffset.c */; };
		6F302B4C1EA7D288000D7A95 /* ABPrintSizeOfStructure.c in Sources */ = {isa = PBXBuildFile; fileRef = 6F302B411EA7D288000D7A95 /* ABPrintSizeOfStructure.c */; };
		6F302B4D1EA7D288000D7A95 /* ABPrintSizeOfTypes.c in Sources */ = {isa = PBXBuildFile; fileRef = 6F302B431EA7D288000D7A95 /* ABPrintSizeOfTypes.c */; };
		6F3E1D451EAA89F800063775 /* ABArrayStruct.c in Sources */ = {isa = PBXBuildFile; fileRef = 6F3E1D431EAA89F800063775 /* ABArrayStruct.c */; };
		6F9D15A71EA8FC1100282F12 /* ABCreature.m in Sources */ = {isa = PBXBuildFile; fileRef = 6F9D15A61EA8FC1100282F12 /* ABCreature.m */; };
		6FAE02131EAD430A00C6504A /* ABObjCSyntax.m in Sources */ = {isa = PBXBuildFile; fileRef = 6FAE02121EAD430A00C6504A /* ABObjCSyntax.m */; };
		6FBCF9DF1EAE230100D69ADE /* ABSyntax.m in Sources */ = {isa = PBXBuildFile; fileRef = 6FBCF9DE1EAE230100D69ADE /* ABSyntax.m */; };
		6FBCF9E21EAE37E500D69ADE /* ABSyntax+ABCategory.m in Sources */ = {isa = PBXBuildFile; fileRef = 6FBCF9E11EAE37E500D69ADE /* ABSyntax+ABCategory.m */; };
		6FBCF9E61EAE50AF00D69ADE /* ABSyntaxSubclass.m in Sources */ = {isa = PBXBuildFile; fileRef = 6FBCF9E51EAE50AF00D69ADE /* ABSyntaxSubclass.m */; };
/* End PBXBuildFile section */

/* Begin PBXCopyFilesBuildPhase section */
		6F302B091EA7D17B000D7A95 /* CopyFiles */ = {
			isa = PBXCopyFilesBuildPhase;
			buildActionMask = 2147483647;
			dstPath = /usr/share/man/man1/;
			dstSubfolderSpec = 0;
			files = (
			);
			runOnlyForDeploymentPostprocessing = 1;
		};
		6F302B2B1EA7D268000D7A95 /* CopyFiles */ = {
			isa = PBXCopyFilesBuildPhase;
			buildActionMask = 2147483647;
			dstPath = /usr/share/man/man1/;
			dstSubfolderSpec = 0;
			files = (
			);
			runOnlyForDeploymentPostprocessing = 1;
		};
/* End PBXCopyFilesBuildPhase section */

/* Begin PBXFileReference section */
		6F1056171EAA20A6005F748A /* ABMacro.h */ = {isa = PBXFileReference; fileEncoding = 4; lastKnownFileType = sourcecode.c.h; path = ABMacro.h; sourceTree = "<group>"; };
		6F302B0B1EA7D17B000D7A95 /* Objective-C */ = {isa = PBXFileReference; explicitFileType = "compiled.mach-o.executable"; includeInIndex = 0; path = "Objective-C"; sourceTree = BUILT_PRODUCTS_DIR; };
		6F302B0D1EA7D17B000D7A95 /* main.m */ = {isa = PBXFileReference; lastKnownFileType = sourcecode.c.objc; path = main.m; sourceTree = "<group>"; };
		6F302B2D1EA7D268000D7A95 /* C */ = {isa = PBXFileReference; explicitFileType = "compiled.mach-o.executable"; includeInIndex = 0; path = C; sourceTree = BUILT_PRODUCTS_DIR; };
		6F302B351EA7D288000D7A95 /* main.c */ = {isa = PBXFileReference; fileEncoding = 4; lastKnownFileType = sourcecode.c.c; path = main.c; sourceTree = "<group>"; };
		6F302B391EA7D288000D7A95 /* ABMamaPapa.c */ = {isa = PBXFileReference; fileEncoding = 4; lastKnownFileType = sourcecode.c.c; path = ABMamaPapa.c; sourceTree = "<group>"; };
		6F302B3A1EA7D288000D7A95 /* ABMamaPapa.h */ = {isa = PBXFileReference; fileEncoding = 4; lastKnownFileType = sourcecode.c.h; path = ABMamaPapa.h; sourceTree = "<group>"; };
		6F302B3B1EA7D288000D7A95 /* ABPrintBits.c */ = {isa = PBXFileReference; fileEncoding = 4; lastKnownFileType = sourcecode.c.c; path = ABPrintBits.c; sourceTree = "<group>"; };
		6F302B3C1EA7D288000D7A95 /* ABPrintBits.h */ = {isa = PBXFileReference; fileEncoding = 4; lastKnownFileType = sourcecode.c.h; path = ABPrintBits.h; sourceTree = "<group>"; };
		6F302B3F1EA7D288000D7A95 /* ABPrintOffset.c */ = {isa = PBXFileReference; fileEncoding = 4; lastKnownFileType = sourcecode.c.c; path = ABPrintOffset.c; sourceTree = "<group>"; };
		6F302B401EA7D288000D7A95 /* ABPrintOffset.h */ = {isa = PBXFileReference; fileEncoding = 4; lastKnownFileType = sourcecode.c.h; path = ABPrintOffset.h; sourceTree = "<group>"; };
		6F302B411EA7D288000D7A95 /* ABPrintSizeOfStructure.c */ = {isa = PBXFileReference; fileEncoding = 4; lastKnownFileType = sourcecode.c.c; path = ABPrintSizeOfStructure.c; sourceTree = "<group>"; };
		6F302B421EA7D288000D7A95 /* ABPrintSizeOfStructure.h */ = {isa = PBXFileReference; fileEncoding = 4; lastKnownFileType = sourcecode.c.h; path = ABPrintSizeOfStructure.h; sourceTree = "<group>"; };
		6F302B431EA7D288000D7A95 /* ABPrintSizeOfTypes.c */ = {isa = PBXFileReference; fileEncoding = 4; lastKnownFileType = sourcecode.c.c; path = ABPrintSizeOfTypes.c; sourceTree = "<group>"; };
		6F302B441EA7D288000D7A95 /* ABPrintSizeOfTypes.h */ = {isa = PBXFileReference; fileEncoding = 4; lastKnownFileType = sourcecode.c.h; path = ABPrintSizeOfTypes.h; sourceTree = "<group>"; };
		6F302B451EA7D288000D7A95 /* ABStructure.h */ = {isa = PBXFileReference; fileEncoding = 4; lastKnownFileType = sourcecode.c.h; path = ABStructure.h; sourceTree = "<group>"; };
		6F3E1D431EAA89F800063775 /* ABArrayStruct.c */ = {isa = PBXFileReference; fileEncoding = 4; lastKnownFileType = sourcecode.c.c; path = ABArrayStruct.c; sourceTree = "<group>"; };
		6F3E1D441EAA89F800063775 /* ABArrayStruct.h */ = {isa = PBXFileReference; fileEncoding = 4; lastKnownFileType = sourcecode.c.h; path = ABArrayStruct.h; sourceTree = "<group>"; };
		6F9D15A51EA8FC1100282F12 /* ABCreature.h */ = {isa = PBXFileReference; fileEncoding = 4; lastKnownFileType = sourcecode.c.h; path = ABCreature.h; sourceTree = "<group>"; };
		6F9D15A61EA8FC1100282F12 /* ABCreature.m */ = {isa = PBXFileReference; fileEncoding = 4; lastKnownFileType = sourcecode.c.objc; path = ABCreature.m; sourceTree = "<group>"; };
		6FAE02121EAD430A00C6504A /* ABObjCSyntax.m */ = {isa = PBXFileReference; fileEncoding = 4; lastKnownFileType = sourcecode.c.objc; path = ABObjCSyntax.m; sourceTree = "<group>"; };
		6FAE02141EAD433E00C6504A /* ABObjCSyntax.h */ = {isa = PBXFileReference; fileEncoding = 4; lastKnownFileType = sourcecode.c.h; path = ABObjCSyntax.h; sourceTree = "<group>"; };
		6FBCF9DD1EAE230100D69ADE /* ABSyntax.h */ = {isa = PBXFileReference; fileEncoding = 4; lastKnownFileType = sourcecode.c.h; path = ABSyntax.h; sourceTree = "<group>"; };
		6FBCF9DE1EAE230100D69ADE /* ABSyntax.m */ = {isa = PBXFileReference; fileEncoding = 4; lastKnownFileType = sourcecode.c.objc; path = ABSyntax.m; sourceTree = "<group>"; };
		6FBCF9E01EAE37E500D69ADE /* ABSyntax+ABCategory.h */ = {isa = PBXFileReference; fileEncoding = 4; lastKnownFileType = sourcecode.c.h; path = "ABSyntax+ABCategory.h"; sourceTree = "<group>"; };
		6FBCF9E11EAE37E500D69ADE /* ABSyntax+ABCategory.m */ = {isa = PBXFileReference; fileEncoding = 4; lastKnownFileType = sourcecode.c.objc; path = "ABSyntax+ABCategory.m"; sourceTree = "<group>"; };
		6FBCF9E31EAE389000D69ADE /* ABSyntaxProtocol.h */ = {isa = PBXFileReference; fileEncoding = 4; lastKnownFileType = sourcecode.c.h; path = ABSyntaxProtocol.h; sourceTree = "<group>"; };
		6FBCF9E41EAE50AF00D69ADE /* ABSyntaxSubclass.h */ = {isa = PBXFileReference; fileEncoding = 4; lastKnownFileType = sourcecode.c.h; path = ABSyntaxSubclass.h; sourceTree = "<group>"; };
		6FBCF9E51EAE50AF00D69ADE /* ABSyntaxSubclass.m */ = {isa = PBXFileReference; fileEncoding = 4; lastKnownFileType = sourcecode.c.objc; path = ABSyntaxSubclass.m; sourceTree = "<group>"; };
/* End PBXFileReference section */

/* Begin PBXFrameworksBuildPhase section */
		6F302B081EA7D17B000D7A95 /* Frameworks */ = {
			isa = PBXFrameworksBuildPhase;
			buildActionMask = 2147483647;
			files = (
			);
			runOnlyForDeploymentPostprocessing = 0;
		};
		6F302B2A1EA7D268000D7A95 /* Frameworks */ = {
			isa = PBXFrameworksBuildPhase;
			buildActionMask = 2147483647;
			files = (
			);
			runOnlyForDeploymentPostprocessing = 0;
		};
/* End PBXFrameworksBuildPhase section */

/* Begin PBXGroup section */
		6F1191D81EAF95C6006938E9 /* Test */ = {
			isa = PBXGroup;
			children = (
			);
			path = Test;
			sourceTree = "<group>";
		};
		6F302B0C1EA7D17B000D7A95 /* Objective-C */ = {
			isa = PBXGroup;
			children = (
				6F9D15A41EA8FBD400282F12 /* Source */,
				6F302B0D1EA7D17B000D7A95 /* main.m */,
			);
			path = "Objective-C";
			sourceTree = "<group>";
		};
		6F302B341EA7D288000D7A95 /* C */ = {
			isa = PBXGroup;
			children = (
				6F302B351EA7D288000D7A95 /* main.c */,
				6F302B361EA7D288000D7A95 /* Source */,
			);
			path = C;
			sourceTree = "<group>";
		};
		6F302B361EA7D288000D7A95 /* Source */ = {
			isa = PBXGroup;
			children = (
				6F3E1D431EAA89F800063775 /* ABArrayStruct.c */,
				6F3E1D441EAA89F800063775 /* ABArrayStruct.h */,
				6F1056171EAA20A6005F748A /* ABMacro.h */,
				6F302B391EA7D288000D7A95 /* ABMamaPapa.c */,
				6F302B3A1EA7D288000D7A95 /* ABMamaPapa.h */,
				6F302B3B1EA7D288000D7A95 /* ABPrintBits.c */,
				6F302B3C1EA7D288000D7A95 /* ABPrintBits.h */,
				6F302B3F1EA7D288000D7A95 /* ABPrintOffset.c */,
				6F302B401EA7D288000D7A95 /* ABPrintOffset.h */,
				6F302B411EA7D288000D7A95 /* ABPrintSizeOfStructure.c */,
				6F302B421EA7D288000D7A95 /* ABPrintSizeOfStructure.h */,
				6F302B431EA7D288000D7A95 /* ABPrintSizeOfTypes.c */,
				6F302B441EA7D288000D7A95 /* ABPrintSizeOfTypes.h */,
				6F302B451EA7D288000D7A95 /* ABStructure.h */,
			);
			path = Source;
			sourceTree = "<group>";
		};
		6F3A20E91EA61390000D6620 = {
			isa = PBXGroup;
			children = (
				6F302B341EA7D288000D7A95 /* C */,
				6F302B0C1EA7D17B000D7A95 /* Objective-C */,
				6F3A20F31EA61390000D6620 /* Products */,
			);
			sourceTree = "<group>";
		};
		6F3A20F31EA61390000D6620 /* Products */ = {
			isa = PBXGroup;
			children = (
				6F302B0B1EA7D17B000D7A95 /* Objective-C */,
				6F302B2D1EA7D268000D7A95 /* C */,
			);
			name = Products;
			sourceTree = "<group>";
		};
		6F9D15A41EA8FBD400282F12 /* Source */ = {
			isa = PBXGroup;
			children = (
				6F1191D81EAF95C6006938E9 /* Test */,
				6FAE02111EAD428F00C6504A /* Syntax */,
				6F9D15A51EA8FC1100282F12 /* ABCreature.h */,
				6F9D15A61EA8FC1100282F12 /* ABCreature.m */,
			);
			path = Source;
			sourceTree = "<group>";
		};
		6FAE02111EAD428F00C6504A /* Syntax */ = {
			isa = PBXGroup;
			children = (
				6FAE02141EAD433E00C6504A /* ABObjCSyntax.h */,
				6FAE02121EAD430A00C6504A /* ABObjCSyntax.m */,
				6FBCF9DD1EAE230100D69ADE /* ABSyntax.h */,
				6FBCF9DE1EAE230100D69ADE /* ABSyntax.m */,
				6FBCF9E41EAE50AF00D69ADE /* ABSyntaxSubclass.h */,
				6FBCF9E51EAE50AF00D69ADE /* ABSyntaxSubclass.m */,
				6FBCF9E01EAE37E500D69ADE /* ABSyntax+ABCategory.h */,
				6FBCF9E11EAE37E500D69ADE /* ABSyntax+ABCategory.m */,
				6FBCF9E31EAE389000D69ADE /* ABSyntaxProtocol.h */,
			);
			path = Syntax;
			sourceTree = "<group>";
		};
/* End PBXGroup section */

/* Begin PBXNativeTarget section */
		6F302B0A1EA7D17B000D7A95 /* Objective-C */ = {
			isa = PBXNativeTarget;
			buildConfigurationList = 6F302B0F1EA7D17B000D7A95 /* Build configuration list for PBXNativeTarget "Objective-C" */;
			buildPhases = (
				6F302B071EA7D17B000D7A95 /* Sources */,
				6F302B081EA7D17B000D7A95 /* Frameworks */,
				6F302B091EA7D17B000D7A95 /* CopyFiles */,
			);
			buildRules = (
			);
			dependencies = (
			);
			name = "Objective-C";
			productName = "Objective-C";
			productReference = 6F302B0B1EA7D17B000D7A95 /* Objective-C */;
			productType = "com.apple.product-type.tool";
		};
		6F302B2C1EA7D268000D7A95 /* C */ = {
			isa = PBXNativeTarget;
			buildConfigurationList = 6F302B311EA7D268000D7A95 /* Build configuration list for PBXNativeTarget "C" */;
			buildPhases = (
				6F302B291EA7D268000D7A95 /* Sources */,
				6F302B2A1EA7D268000D7A95 /* Frameworks */,
				6F302B2B1EA7D268000D7A95 /* CopyFiles */,
			);
			buildRules = (
			);
			dependencies = (
			);
			name = C;
			productName = C;
			productReference = 6F302B2D1EA7D268000D7A95 /* C */;
			productType = "com.apple.product-type.tool";
		};
/* End PBXNativeTarget section */

/* Begin PBXProject section */
		6F3A20EA1EA61390000D6620 /* Project object */ = {
			isa = PBXProject;
			attributes = {
				LastUpgradeCheck = 0830;
				ORGANIZATIONNAME = "Andrew Boychuk";
				TargetAttributes = {
					6F302B0A1EA7D17B000D7A95 = {
						CreatedOnToolsVersion = 8.3.1;
						ProvisioningStyle = Automatic;
					};
					6F302B2C1EA7D268000D7A95 = {
						CreatedOnToolsVersion = 8.3.1;
						ProvisioningStyle = Automatic;
					};
				};
			};
			buildConfigurationList = 6F3A20ED1EA61390000D6620 /* Build configuration list for PBXProject "IDAPCourse" */;
			compatibilityVersion = "Xcode 3.2";
			developmentRegion = English;
			hasScannedForEncodings = 0;
			knownRegions = (
				en,
			);
			mainGroup = 6F3A20E91EA61390000D6620;
			productRefGroup = 6F3A20F31EA61390000D6620 /* Products */;
			projectDirPath = "";
			projectRoot = "";
			targets = (
				6F302B0A1EA7D17B000D7A95 /* Objective-C */,
				6F302B2C1EA7D268000D7A95 /* C */,
			);
		};
/* End PBXProject section */

/* Begin PBXSourcesBuildPhase section */
		6F302B071EA7D17B000D7A95 /* Sources */ = {
			isa = PBXSourcesBuildPhase;
			buildActionMask = 2147483647;
			files = (
				6FBCF9E21EAE37E500D69ADE /* ABSyntax+ABCategory.m in Sources */,
				6FBCF9E61EAE50AF00D69ADE /* ABSyntaxSubclass.m in Sources */,
				6F302B0E1EA7D17B000D7A95 /* main.m in Sources */,
				6FAE02131EAD430A00C6504A /* ABObjCSyntax.m in Sources */,
				6F9D15A71EA8FC1100282F12 /* ABCreature.m in Sources */,
				6FBCF9DF1EAE230100D69ADE /* ABSyntax.m in Sources */,
			);
			runOnlyForDeploymentPostprocessing = 0;
		};
		6F302B291EA7D268000D7A95 /* Sources */ = {
			isa = PBXSourcesBuildPhase;
			buildActionMask = 2147483647;
			files = (
				6F302B491EA7D288000D7A95 /* ABPrintBits.c in Sources */,
				6F302B4D1EA7D288000D7A95 /* ABPrintSizeOfTypes.c in Sources */,
				6F3E1D451EAA89F800063775 /* ABArrayStruct.c in Sources */,
				6F302B461EA7D288000D7A95 /* main.c in Sources */,
				6F302B4C1EA7D288000D7A95 /* ABPrintSizeOfStructure.c in Sources */,
				6F302B481EA7D288000D7A95 /* ABMamaPapa.c in Sources */,
				6F302B4B1EA7D288000D7A95 /* ABPrintOffset.c in Sources */,
			);
			runOnlyForDeploymentPostprocessing = 0;
		};
/* End PBXSourcesBuildPhase section */

/* Begin XCBuildConfiguration section */
		6F302B101EA7D17B000D7A95 /* Debug */ = {
			isa = XCBuildConfiguration;
			buildSettings = {
				CLANG_ENABLE_OBJC_ARC = NO;
				MACOSX_DEPLOYMENT_TARGET = 10.11;
				PRODUCT_NAME = "$(TARGET_NAME)";
			};
			name = Debug;
		};
		6F302B111EA7D17B000D7A95 /* Release */ = {
			isa = XCBuildConfiguration;
			buildSettings = {
				CLANG_ENABLE_OBJC_ARC = NO;
				MACOSX_DEPLOYMENT_TARGET = 10.11;
				PRODUCT_NAME = "$(TARGET_NAME)";
			};
			name = Release;
		};
		6F302B321EA7D268000D7A95 /* Debug */ = {
			isa = XCBuildConfiguration;
			buildSettings = {
				MACOSX_DEPLOYMENT_TARGET = 10.11;
				PRODUCT_NAME = "$(TARGET_NAME)";
			};
			name = Debug;
		};
		6F302B331EA7D268000D7A95 /* Release */ = {
			isa = XCBuildConfiguration;
			buildSettings = {
				MACOSX_DEPLOYMENT_TARGET = 10.11;
				PRODUCT_NAME = "$(TARGET_NAME)";
			};
			name = Release;
		};
		6F3A20F71EA61390000D6620 /* Debug */ = {
			isa = XCBuildConfiguration;
			buildSettings = {
				ALWAYS_SEARCH_USER_PATHS = NO;
				CLANG_ANALYZER_NONNULL = YES;
				CLANG_ANALYZER_NUMBER_OBJECT_CONVERSION = YES_AGGRESSIVE;
				CLANG_CXX_LANGUAGE_STANDARD = "gnu++0x";
				CLANG_CXX_LIBRARY = "libc++";
				CLANG_ENABLE_MODULES = YES;
				CLANG_ENABLE_OBJC_ARC = YES;
				CLANG_WARN_BOOL_CONVERSION = YES;
				CLANG_WARN_CONSTANT_CONVERSION = YES;
				CLANG_WARN_DIRECT_OBJC_ISA_USAGE = YES_ERROR;
				CLANG_WARN_DOCUMENTATION_COMMENTS = YES;
				CLANG_WARN_EMPTY_BODY = YES;
				CLANG_WARN_ENUM_CONVERSION = YES;
				CLANG_WARN_INFINITE_RECURSION = YES;
				CLANG_WARN_INT_CONVERSION = YES;
				CLANG_WARN_OBJC_ROOT_CLASS = YES_ERROR;
				CLANG_WARN_SUSPICIOUS_MOVE = YES;
				CLANG_WARN_UNREACHABLE_CODE = YES;
				CLANG_WARN__DUPLICATE_METHOD_MATCH = YES;
				CODE_SIGN_IDENTITY = "-";
				COPY_PHASE_STRIP = NO;
				DEBUG_INFORMATION_FORMAT = dwarf;
				ENABLE_STRICT_OBJC_MSGSEND = YES;
				ENABLE_TESTABILITY = YES;
				GCC_C_LANGUAGE_STANDARD = gnu99;
				GCC_DYNAMIC_NO_PIC = NO;
				GCC_NO_COMMON_BLOCKS = YES;
				GCC_OPTIMIZATION_LEVEL = 0;
				GCC_PREPROCESSOR_DEFINITIONS = (
					"DEBUG=1",
					"$(inherited)",
				);
				GCC_WARN_64_TO_32_BIT_CONVERSION = YES;
				GCC_WARN_ABOUT_RETURN_TYPE = YES_ERROR;
				GCC_WARN_UNDECLARED_SELECTOR = YES;
				GCC_WARN_UNINITIALIZED_AUTOS = YES_AGGRESSIVE;
				GCC_WARN_UNUSED_FUNCTION = YES;
				GCC_WARN_UNUSED_VARIABLE = YES;
				MACOSX_DEPLOYMENT_TARGET = 10.12;
				MTL_ENABLE_DEBUG_INFO = YES;
				ONLY_ACTIVE_ARCH = YES;
				SDKROOT = macosx;
			};
			name = Debug;
		};
		6F3A20F81EA61390000D6620 /* Release */ = {
			isa = XCBuildConfiguration;
			buildSettings = {
				ALWAYS_SEARCH_USER_PATHS = NO;
				CLANG_ANALYZER_NONNULL = YES;
				CLANG_ANALYZER_NUMBER_OBJECT_CONVERSION = YES_AGGRESSIVE;
				CLANG_CXX_LANGUAGE_STANDARD = "gnu++0x";
				CLANG_CXX_LIBRARY = "libc++";
				CLANG_ENABLE_MODULES = YES;
				CLANG_ENABLE_OBJC_ARC = YES;
				CLANG_WARN_BOOL_CONVERSION = YES;
				CLANG_WARN_CONSTANT_CONVERSION = YES;
				CLANG_WARN_DIRECT_OBJC_ISA_USAGE = YES_ERROR;
				CLANG_WARN_DOCUMENTATION_COMMENTS = YES;
				CLANG_WARN_EMPTY_BODY = YES;
				CLANG_WARN_ENUM_CONVERSION = YES;
				CLANG_WARN_INFINITE_RECURSION = YES;
				CLANG_WARN_INT_CONVERSION = YES;
				CLANG_WARN_OBJC_ROOT_CLASS = YES_ERROR;
				CLANG_WARN_SUSPICIOUS_MOVE = YES;
				CLANG_WARN_UNREACHABLE_CODE = YES;
				CLANG_WARN__DUPLICATE_METHOD_MATCH = YES;
				CODE_SIGN_IDENTITY = "-";
				COPY_PHASE_STRIP = NO;
				DEBUG_INFORMATION_FORMAT = "dwarf-with-dsym";
				ENABLE_NS_ASSERTIONS = NO;
				ENABLE_STRICT_OBJC_MSGSEND = YES;
				GCC_C_LANGUAGE_STANDARD = gnu99;
				GCC_NO_COMMON_BLOCKS = YES;
				GCC_WARN_64_TO_32_BIT_CONVERSION = YES;
				GCC_WARN_ABOUT_RETURN_TYPE = YES_ERROR;
				GCC_WARN_UNDECLARED_SELECTOR = YES;
				GCC_WARN_UNINITIALIZED_AUTOS = YES_AGGRESSIVE;
				GCC_WARN_UNUSED_FUNCTION = YES;
				GCC_WARN_UNUSED_VARIABLE = YES;
				MACOSX_DEPLOYMENT_TARGET = 10.12;
				MTL_ENABLE_DEBUG_INFO = NO;
				SDKROOT = macosx;
			};
			name = Release;
		};
/* End XCBuildConfiguration section */

/* Begin XCConfigurationList section */
		6F302B0F1EA7D17B000D7A95 /* Build configuration list for PBXNativeTarget "Objective-C" */ = {
			isa = XCConfigurationList;
			buildConfigurations = (
				6F302B101EA7D17B000D7A95 /* Debug */,
				6F302B111EA7D17B000D7A95 /* Release */,
			);
			defaultConfigurationIsVisible = 0;
			defaultConfigurationName = Release;
		};
		6F302B311EA7D268000D7A95 /* Build configuration list for PBXNativeTarget "C" */ = {
			isa = XCConfigurationList;
			buildConfigurations = (
				6F302B321EA7D268000D7A95 /* Debug */,
				6F302B331EA7D268000D7A95 /* Release */,
			);
			defaultConfigurationIsVisible = 0;
			defaultConfigurationName = Release;
		};
		6F3A20ED1EA61390000D6620 /* Build configuration list for PBXProject "IDAPCourse" */ = {
			isa = XCConfigurationList;
			buildConfigurations = (
				6F3A20F71EA61390000D6620 /* Debug */,
				6F3A20F81EA61390000D6620 /* Release */,
			);
			defaultConfigurationIsVisible = 0;
			defaultConfigurationName = Release;
		};
/* End XCConfigurationList section */
	};
	rootObject = 6F3A20EA1EA61390000D6620 /* Project object */;
}
