// !$*UTF8*$!
{
	archiveVersion = 1;
	classes = {
	};
	objectVersion = 46;
	objects = {

/* Begin PBXBuildFile section */
		49229F221ED5C30F002FBFF3 /* main.m in Sources */ = {isa = PBXBuildFile; fileRef = 49229EC41ED5C30F002FBFF3 /* main.m */; };
		49229F681ED5C310002FBFF3 /* ABCarWashTest.m in Sources */ = {isa = PBXBuildFile; fileRef = 49229F1B1ED5C30F002FBFF3 /* ABCarWashTest.m */; };
		49229F691ED5C310002FBFF3 /* ABCarWashTest.m in Sources */ = {isa = PBXBuildFile; fileRef = 49229F1B1ED5C30F002FBFF3 /* ABCarWashTest.m */; };
		49229F6A1ED5C310002FBFF3 /* ABCreatureGenderTest.m in Sources */ = {isa = PBXBuildFile; fileRef = 49229F1D1ED5C30F002FBFF3 /* ABCreatureGenderTest.m */; };
		49229F6B1ED5C310002FBFF3 /* ABCreatureGenderTest.m in Sources */ = {isa = PBXBuildFile; fileRef = 49229F1D1ED5C30F002FBFF3 /* ABCreatureGenderTest.m */; };
		49229F6C1ED5C310002FBFF3 /* ABCreatureTest.m in Sources */ = {isa = PBXBuildFile; fileRef = 49229F1F1ED5C30F002FBFF3 /* ABCreatureTest.m */; };
		49229F6D1ED5C310002FBFF3 /* ABCreatureTest.m in Sources */ = {isa = PBXBuildFile; fileRef = 49229F1F1ED5C30F002FBFF3 /* ABCreatureTest.m */; };
		49229F6E1ED5C310002FBFF3 /* ABSyntaxTest.m in Sources */ = {isa = PBXBuildFile; fileRef = 49229F211ED5C30F002FBFF3 /* ABSyntaxTest.m */; };
		49229F6F1ED5C310002FBFF3 /* ABSyntaxTest.m in Sources */ = {isa = PBXBuildFile; fileRef = 49229F211ED5C30F002FBFF3 /* ABSyntaxTest.m */; };
		4924D1DB1ED87A2400755609 /* ABBuilding.m in Sources */ = {isa = PBXBuildFile; fileRef = 4924D19C1ED87A2400755609 /* ABBuilding.m */; };
		4924D1DC1ED87A2400755609 /* ABBuilding.m in Sources */ = {isa = PBXBuildFile; fileRef = 4924D19C1ED87A2400755609 /* ABBuilding.m */; };
		4924D1DD1ED87A2400755609 /* ABCar.m in Sources */ = {isa = PBXBuildFile; fileRef = 4924D19F1ED87A2400755609 /* ABCar.m */; };
		4924D1DE1ED87A2400755609 /* ABCar.m in Sources */ = {isa = PBXBuildFile; fileRef = 4924D19F1ED87A2400755609 /* ABCar.m */; };
		4924D1DF1ED87A2400755609 /* ABCarWash.m in Sources */ = {isa = PBXBuildFile; fileRef = 4924D1A11ED87A2400755609 /* ABCarWash.m */; };
		4924D1E01ED87A2400755609 /* ABCarWash.m in Sources */ = {isa = PBXBuildFile; fileRef = 4924D1A11ED87A2400755609 /* ABCarWash.m */; };
		4924D1E11ED87A2400755609 /* ABCarWashRoom.m in Sources */ = {isa = PBXBuildFile; fileRef = 4924D1A51ED87A2400755609 /* ABCarWashRoom.m */; };
		4924D1E21ED87A2400755609 /* ABCarWashRoom.m in Sources */ = {isa = PBXBuildFile; fileRef = 4924D1A51ED87A2400755609 /* ABCarWashRoom.m */; };
		4924D1E31ED87A2400755609 /* ABRoom.m in Sources */ = {isa = PBXBuildFile; fileRef = 4924D1A71ED87A2400755609 /* ABRoom.m */; };
		4924D1E41ED87A2400755609 /* ABRoom.m in Sources */ = {isa = PBXBuildFile; fileRef = 4924D1A71ED87A2400755609 /* ABRoom.m */; };
		4924D1E51ED87A2400755609 /* ABAcountant.m in Sources */ = {isa = PBXBuildFile; fileRef = 4924D1AA1ED87A2400755609 /* ABAcountant.m */; };
		4924D1E61ED87A2400755609 /* ABAcountant.m in Sources */ = {isa = PBXBuildFile; fileRef = 4924D1AA1ED87A2400755609 /* ABAcountant.m */; };
		4924D1E71ED87A2400755609 /* ABCarWasher.m in Sources */ = {isa = PBXBuildFile; fileRef = 4924D1AC1ED87A2400755609 /* ABCarWasher.m */; };
		4924D1E81ED87A2400755609 /* ABCarWasher.m in Sources */ = {isa = PBXBuildFile; fileRef = 4924D1AC1ED87A2400755609 /* ABCarWasher.m */; };
		4924D1E91ED87A2400755609 /* ABDirector.m in Sources */ = {isa = PBXBuildFile; fileRef = 4924D1AE1ED87A2400755609 /* ABDirector.m */; };
		4924D1EA1ED87A2400755609 /* ABDirector.m in Sources */ = {isa = PBXBuildFile; fileRef = 4924D1AE1ED87A2400755609 /* ABDirector.m */; };
		4924D1EB1ED87A2400755609 /* ABWorker.m in Sources */ = {isa = PBXBuildFile; fileRef = 4924D1B01ED87A2400755609 /* ABWorker.m */; };
		4924D1EC1ED87A2400755609 /* ABWorker.m in Sources */ = {isa = PBXBuildFile; fileRef = 4924D1B01ED87A2400755609 /* ABWorker.m */; };
		4924D1ED1ED87A2400755609 /* NSArray+ABExtension.m in Sources */ = {isa = PBXBuildFile; fileRef = 4924D1B31ED87A2400755609 /* NSArray+ABExtension.m */; };
		4924D1EE1ED87A2400755609 /* NSArray+ABExtension.m in Sources */ = {isa = PBXBuildFile; fileRef = 4924D1B31ED87A2400755609 /* NSArray+ABExtension.m */; };
		4924D1EF1ED87A2400755609 /* NSNumber+ABRandomNumber.m in Sources */ = {isa = PBXBuildFile; fileRef = 4924D1B51ED87A2400755609 /* NSNumber+ABRandomNumber.m */; };
		4924D1F01ED87A2400755609 /* NSNumber+ABRandomNumber.m in Sources */ = {isa = PBXBuildFile; fileRef = 4924D1B51ED87A2400755609 /* NSNumber+ABRandomNumber.m */; };
		4924D1F11ED87A2400755609 /* NSObject+ABObjectExtension.m in Sources */ = {isa = PBXBuildFile; fileRef = 4924D1B71ED87A2400755609 /* NSObject+ABObjectExtension.m */; };
		4924D1F21ED87A2400755609 /* NSObject+ABObjectExtension.m in Sources */ = {isa = PBXBuildFile; fileRef = 4924D1B71ED87A2400755609 /* NSObject+ABObjectExtension.m */; };
		4924D1F31ED87A2400755609 /* NSString+ABRandomString.m in Sources */ = {isa = PBXBuildFile; fileRef = 4924D1B91ED87A2400755609 /* NSString+ABRandomString.m */; };
		4924D1F41ED87A2400755609 /* NSString+ABRandomString.m in Sources */ = {isa = PBXBuildFile; fileRef = 4924D1B91ED87A2400755609 /* NSString+ABRandomString.m */; };
		4924D1F51ED87A2400755609 /* ABCreature.m in Sources */ = {isa = PBXBuildFile; fileRef = 4924D1BC1ED87A2400755609 /* ABCreature.m */; };
		4924D1F61ED87A2400755609 /* ABCreature.m in Sources */ = {isa = PBXBuildFile; fileRef = 4924D1BC1ED87A2400755609 /* ABCreature.m */; };
		4924D1F71ED87A2400755609 /* ABCreatureFemale.m in Sources */ = {isa = PBXBuildFile; fileRef = 4924D1BE1ED87A2400755609 /* ABCreatureFemale.m */; };
		4924D1F81ED87A2400755609 /* ABCreatureFemale.m in Sources */ = {isa = PBXBuildFile; fileRef = 4924D1BE1ED87A2400755609 /* ABCreatureFemale.m */; };
		4924D1F91ED87A2400755609 /* ABCreatureMale.m in Sources */ = {isa = PBXBuildFile; fileRef = 4924D1C01ED87A2400755609 /* ABCreatureMale.m */; };
		4924D1FA1ED87A2400755609 /* ABCreatureMale.m in Sources */ = {isa = PBXBuildFile; fileRef = 4924D1C01ED87A2400755609 /* ABCreatureMale.m */; };
		4924D1FB1ED87A2400755609 /* NSObject+ABCreatureCategory.m in Sources */ = {isa = PBXBuildFile; fileRef = 4924D1C21ED87A2400755609 /* NSObject+ABCreatureCategory.m */; };
		4924D1FC1ED87A2400755609 /* NSObject+ABCreatureCategory.m in Sources */ = {isa = PBXBuildFile; fileRef = 4924D1C21ED87A2400755609 /* NSObject+ABCreatureCategory.m */; };
		4924D1FD1ED87A2400755609 /* ABEqualityObject.m in Sources */ = {isa = PBXBuildFile; fileRef = 4924D1C51ED87A2400755609 /* ABEqualityObject.m */; };
		4924D1FE1ED87A2400755609 /* ABEqualityObject.m in Sources */ = {isa = PBXBuildFile; fileRef = 4924D1C51ED87A2400755609 /* ABEqualityObject.m */; };
		4924D1FF1ED87A2400755609 /* ABObjCSyntax.m in Sources */ = {isa = PBXBuildFile; fileRef = 4924D1C71ED87A2400755609 /* ABObjCSyntax.m */; };
		4924D2001ED87A2400755609 /* ABObjCSyntax.m in Sources */ = {isa = PBXBuildFile; fileRef = 4924D1C71ED87A2400755609 /* ABObjCSyntax.m */; };
		4924D2011ED87A2400755609 /* ABSyntax+ABCategory.m in Sources */ = {isa = PBXBuildFile; fileRef = 4924D1C91ED87A2400755609 /* ABSyntax+ABCategory.m */; };
		4924D2021ED87A2400755609 /* ABSyntax+ABCategory.m in Sources */ = {isa = PBXBuildFile; fileRef = 4924D1C91ED87A2400755609 /* ABSyntax+ABCategory.m */; };
		4924D2031ED87A2400755609 /* ABSyntax.m in Sources */ = {isa = PBXBuildFile; fileRef = 4924D1CB1ED87A2400755609 /* ABSyntax.m */; };
		4924D2041ED87A2400755609 /* ABSyntax.m in Sources */ = {isa = PBXBuildFile; fileRef = 4924D1CB1ED87A2400755609 /* ABSyntax.m */; };
		4924D2051ED87A2400755609 /* ABSyntaxSubclass.m in Sources */ = {isa = PBXBuildFile; fileRef = 4924D1CE1ED87A2400755609 /* ABSyntaxSubclass.m */; };
		4924D2061ED87A2400755609 /* ABSyntaxSubclass.m in Sources */ = {isa = PBXBuildFile; fileRef = 4924D1CE1ED87A2400755609 /* ABSyntaxSubclass.m */; };
		4924D2071ED87A2400755609 /* ABAlphabet.m in Sources */ = {isa = PBXBuildFile; fileRef = 4924D1D11ED87A2400755609 /* ABAlphabet.m */; };
		4924D2081ED87A2400755609 /* ABAlphabet.m in Sources */ = {isa = PBXBuildFile; fileRef = 4924D1D11ED87A2400755609 /* ABAlphabet.m */; };
		4924D2091ED87A2400755609 /* NSString+ABExtensions.m in Sources */ = {isa = PBXBuildFile; fileRef = 4924D1D31ED87A2400755609 /* NSString+ABExtensions.m */; };
		4924D20A1ED87A2400755609 /* NSString+ABExtensions.m in Sources */ = {isa = PBXBuildFile; fileRef = 4924D1D31ED87A2400755609 /* NSString+ABExtensions.m */; };
		4924D20B1ED87A2400755609 /* ABClasterAlphabet.m in Sources */ = {isa = PBXBuildFile; fileRef = 4924D1D61ED87A2400755609 /* ABClasterAlphabet.m */; };
		4924D20C1ED87A2400755609 /* ABClasterAlphabet.m in Sources */ = {isa = PBXBuildFile; fileRef = 4924D1D61ED87A2400755609 /* ABClasterAlphabet.m */; };
		4924D20D1ED87A2400755609 /* ABRangeAlphabet.m in Sources */ = {isa = PBXBuildFile; fileRef = 4924D1D81ED87A2400755609 /* ABRangeAlphabet.m */; };
		4924D20E1ED87A2400755609 /* ABRangeAlphabet.m in Sources */ = {isa = PBXBuildFile; fileRef = 4924D1D81ED87A2400755609 /* ABRangeAlphabet.m */; };
		4924D20F1ED87A2400755609 /* ABStringsAlphabet.m in Sources */ = {isa = PBXBuildFile; fileRef = 4924D1DA1ED87A2400755609 /* ABStringsAlphabet.m */; };
		4924D2101ED87A2400755609 /* ABStringsAlphabet.m in Sources */ = {isa = PBXBuildFile; fileRef = 4924D1DA1ED87A2400755609 /* ABStringsAlphabet.m */; };
		49683A0D1ED5C79700C4390B /* ABAlphabetSpec.m in Sources */ = {isa = PBXBuildFile; fileRef = 49683A0C1ED5C79700C4390B /* ABAlphabetSpec.m */; };
		53C46E0DCD11103BA67DDF4B /* libPods-ObjectiveCTests.a in Frameworks */ = {isa = PBXBuildFile; fileRef = 7745F17141330D74C6D0AD19 /* libPods-ObjectiveCTests.a */; };
/* End PBXBuildFile section */

/* Begin PBXCopyFilesBuildPhase section */
		6F302B091EA7D17B000D7A95 /* CopyFiles */ = {
			isa = PBXCopyFilesBuildPhase;
			buildActionMask = 2147483647;
			dstPath = /usr/share/man/man1/;
			dstSubfolderSpec = 0;
			files = (
			);
			runOnlyForDeploymentPostprocessing = 1;
		};
/* End PBXCopyFilesBuildPhase section */

/* Begin PBXFileReference section */
		3010582D866E245DF7479DAB /* Pods-ObjectiveCTests.release.xcconfig */ = {isa = PBXFileReference; includeInIndex = 1; lastKnownFileType = text.xcconfig; name = "Pods-ObjectiveCTests.release.xcconfig"; path = "Pods/Target Support Files/Pods-ObjectiveCTests/Pods-ObjectiveCTests.release.xcconfig"; sourceTree = "<group>"; };
		49229EBB1ED5C105002FBFF3 /* ObjectiveCTests.xctest */ = {isa = PBXFileReference; explicitFileType = wrapper.cfbundle; includeInIndex = 0; path = ObjectiveCTests.xctest; sourceTree = BUILT_PRODUCTS_DIR; };
		49229EBF1ED5C105002FBFF3 /* Info.plist */ = {isa = PBXFileReference; lastKnownFileType = text.plist.xml; path = Info.plist; sourceTree = "<group>"; };
		49229EC41ED5C30F002FBFF3 /* main.m */ = {isa = PBXFileReference; fileEncoding = 4; lastKnownFileType = sourcecode.c.objc; path = main.m; sourceTree = "<group>"; };
		49229F1A1ED5C30F002FBFF3 /* ABCarWashTest.h */ = {isa = PBXFileReference; fileEncoding = 4; lastKnownFileType = sourcecode.c.h; path = ABCarWashTest.h; sourceTree = "<group>"; };
		49229F1B1ED5C30F002FBFF3 /* ABCarWashTest.m */ = {isa = PBXFileReference; fileEncoding = 4; lastKnownFileType = sourcecode.c.objc; path = ABCarWashTest.m; sourceTree = "<group>"; };
		49229F1C1ED5C30F002FBFF3 /* ABCreatureGenderTest.h */ = {isa = PBXFileReference; fileEncoding = 4; lastKnownFileType = sourcecode.c.h; path = ABCreatureGenderTest.h; sourceTree = "<group>"; };
		49229F1D1ED5C30F002FBFF3 /* ABCreatureGenderTest.m */ = {isa = PBXFileReference; fileEncoding = 4; lastKnownFileType = sourcecode.c.objc; path = ABCreatureGenderTest.m; sourceTree = "<group>"; };
		49229F1E1ED5C30F002FBFF3 /* ABCreatureTest.h */ = {isa = PBXFileReference; fileEncoding = 4; lastKnownFileType = sourcecode.c.h; path = ABCreatureTest.h; sourceTree = "<group>"; };
		49229F1F1ED5C30F002FBFF3 /* ABCreatureTest.m */ = {isa = PBXFileReference; fileEncoding = 4; lastKnownFileType = sourcecode.c.objc; path = ABCreatureTest.m; sourceTree = "<group>"; };
		49229F201ED5C30F002FBFF3 /* ABSyntaxTest.h */ = {isa = PBXFileReference; fileEncoding = 4; lastKnownFileType = sourcecode.c.h; path = ABSyntaxTest.h; sourceTree = "<group>"; };
		49229F211ED5C30F002FBFF3 /* ABSyntaxTest.m */ = {isa = PBXFileReference; fileEncoding = 4; lastKnownFileType = sourcecode.c.objc; path = ABSyntaxTest.m; sourceTree = "<group>"; };
		4924D19B1ED87A2400755609 /* ABBuilding.h */ = {isa = PBXFileReference; fileEncoding = 4; lastKnownFileType = sourcecode.c.h; path = ABBuilding.h; sourceTree = "<group>"; };
		4924D19C1ED87A2400755609 /* ABBuilding.m */ = {isa = PBXFileReference; fileEncoding = 4; lastKnownFileType = sourcecode.c.objc; path = ABBuilding.m; sourceTree = "<group>"; };
		4924D19E1ED87A2400755609 /* ABCar.h */ = {isa = PBXFileReference; fileEncoding = 4; lastKnownFileType = sourcecode.c.h; path = ABCar.h; sourceTree = "<group>"; };
		4924D19F1ED87A2400755609 /* ABCar.m */ = {isa = PBXFileReference; fileEncoding = 4; lastKnownFileType = sourcecode.c.objc; path = ABCar.m; sourceTree = "<group>"; };
		4924D1A01ED87A2400755609 /* ABCarWash.h */ = {isa = PBXFileReference; fileEncoding = 4; lastKnownFileType = sourcecode.c.h; path = ABCarWash.h; sourceTree = "<group>"; };
		4924D1A11ED87A2400755609 /* ABCarWash.m */ = {isa = PBXFileReference; fileEncoding = 4; lastKnownFileType = sourcecode.c.objc; path = ABCarWash.m; sourceTree = "<group>"; };
		4924D1A21ED87A2400755609 /* ABMoneyFlow.h */ = {isa = PBXFileReference; fileEncoding = 4; lastKnownFileType = sourcecode.c.h; path = ABMoneyFlow.h; sourceTree = "<group>"; };
		4924D1A41ED87A2400755609 /* ABCarWashRoom.h */ = {isa = PBXFileReference; fileEncoding = 4; lastKnownFileType = sourcecode.c.h; path = ABCarWashRoom.h; sourceTree = "<group>"; };
		4924D1A51ED87A2400755609 /* ABCarWashRoom.m */ = {isa = PBXFileReference; fileEncoding = 4; lastKnownFileType = sourcecode.c.objc; path = ABCarWashRoom.m; sourceTree = "<group>"; };
		4924D1A61ED87A2400755609 /* ABRoom.h */ = {isa = PBXFileReference; fileEncoding = 4; lastKnownFileType = sourcecode.c.h; path = ABRoom.h; sourceTree = "<group>"; };
		4924D1A71ED87A2400755609 /* ABRoom.m */ = {isa = PBXFileReference; fileEncoding = 4; lastKnownFileType = sourcecode.c.objc; path = ABRoom.m; sourceTree = "<group>"; };
		4924D1A91ED87A2400755609 /* ABAcountant.h */ = {isa = PBXFileReference; fileEncoding = 4; lastKnownFileType = sourcecode.c.h; path = ABAcountant.h; sourceTree = "<group>"; };
		4924D1AA1ED87A2400755609 /* ABAcountant.m */ = {isa = PBXFileReference; fileEncoding = 4; lastKnownFileType = sourcecode.c.objc; path = ABAcountant.m; sourceTree = "<group>"; };
		4924D1AB1ED87A2400755609 /* ABCarWasher.h */ = {isa = PBXFileReference; fileEncoding = 4; lastKnownFileType = sourcecode.c.h; path = ABCarWasher.h; sourceTree = "<group>"; };
		4924D1AC1ED87A2400755609 /* ABCarWasher.m */ = {isa = PBXFileReference; fileEncoding = 4; lastKnownFileType = sourcecode.c.objc; path = ABCarWasher.m; sourceTree = "<group>"; };
		4924D1AD1ED87A2400755609 /* ABDirector.h */ = {isa = PBXFileReference; fileEncoding = 4; lastKnownFileType = sourcecode.c.h; path = ABDirector.h; sourceTree = "<group>"; };
		4924D1AE1ED87A2400755609 /* ABDirector.m */ = {isa = PBXFileReference; fileEncoding = 4; lastKnownFileType = sourcecode.c.objc; path = ABDirector.m; sourceTree = "<group>"; };
		4924D1AF1ED87A2400755609 /* ABWorker.h */ = {isa = PBXFileReference; fileEncoding = 4; lastKnownFileType = sourcecode.c.h; path = ABWorker.h; sourceTree = "<group>"; };
		4924D1B01ED87A2400755609 /* ABWorker.m */ = {isa = PBXFileReference; fileEncoding = 4; lastKnownFileType = sourcecode.c.objc; path = ABWorker.m; sourceTree = "<group>"; };
		4924D1B21ED87A2400755609 /* NSArray+ABExtension.h */ = {isa = PBXFileReference; fileEncoding = 4; lastKnownFileType = sourcecode.c.h; path = "NSArray+ABExtension.h"; sourceTree = "<group>"; };
		4924D1B31ED87A2400755609 /* NSArray+ABExtension.m */ = {isa = PBXFileReference; fileEncoding = 4; lastKnownFileType = sourcecode.c.objc; path = "NSArray+ABExtension.m"; sourceTree = "<group>"; };
		4924D1B41ED87A2400755609 /* NSNumber+ABRandomNumber.h */ = {isa = PBXFileReference; fileEncoding = 4; lastKnownFileType = sourcecode.c.h; path = "NSNumber+ABRandomNumber.h"; sourceTree = "<group>"; };
		4924D1B51ED87A2400755609 /* NSNumber+ABRandomNumber.m */ = {isa = PBXFileReference; fileEncoding = 4; lastKnownFileType = sourcecode.c.objc; path = "NSNumber+ABRandomNumber.m"; sourceTree = "<group>"; };
		4924D1B61ED87A2400755609 /* NSObject+ABObjectExtension.h */ = {isa = PBXFileReference; fileEncoding = 4; lastKnownFileType = sourcecode.c.h; path = "NSObject+ABObjectExtension.h"; sourceTree = "<group>"; };
		4924D1B71ED87A2400755609 /* NSObject+ABObjectExtension.m */ = {isa = PBXFileReference; fileEncoding = 4; lastKnownFileType = sourcecode.c.objc; path = "NSObject+ABObjectExtension.m"; sourceTree = "<group>"; };
		4924D1B81ED87A2400755609 /* NSString+ABRandomString.h */ = {isa = PBXFileReference; fileEncoding = 4; lastKnownFileType = sourcecode.c.h; path = "NSString+ABRandomString.h"; sourceTree = "<group>"; };
		4924D1B91ED87A2400755609 /* NSString+ABRandomString.m */ = {isa = PBXFileReference; fileEncoding = 4; lastKnownFileType = sourcecode.c.objc; path = "NSString+ABRandomString.m"; sourceTree = "<group>"; };
		4924D1BB1ED87A2400755609 /* ABCreature.h */ = {isa = PBXFileReference; fileEncoding = 4; lastKnownFileType = sourcecode.c.h; path = ABCreature.h; sourceTree = "<group>"; };
		4924D1BC1ED87A2400755609 /* ABCreature.m */ = {isa = PBXFileReference; fileEncoding = 4; lastKnownFileType = sourcecode.c.objc; path = ABCreature.m; sourceTree = "<group>"; };
		4924D1BD1ED87A2400755609 /* ABCreatureFemale.h */ = {isa = PBXFileReference; fileEncoding = 4; lastKnownFileType = sourcecode.c.h; path = ABCreatureFemale.h; sourceTree = "<group>"; };
		4924D1BE1ED87A2400755609 /* ABCreatureFemale.m */ = {isa = PBXFileReference; fileEncoding = 4; lastKnownFileType = sourcecode.c.objc; path = ABCreatureFemale.m; sourceTree = "<group>"; };
		4924D1BF1ED87A2400755609 /* ABCreatureMale.h */ = {isa = PBXFileReference; fileEncoding = 4; lastKnownFileType = sourcecode.c.h; path = ABCreatureMale.h; sourceTree = "<group>"; };
		4924D1C01ED87A2400755609 /* ABCreatureMale.m */ = {isa = PBXFileReference; fileEncoding = 4; lastKnownFileType = sourcecode.c.objc; path = ABCreatureMale.m; sourceTree = "<group>"; };
		4924D1C11ED87A2400755609 /* NSObject+ABCreatureCategory.h */ = {isa = PBXFileReference; fileEncoding = 4; lastKnownFileType = sourcecode.c.h; path = "NSObject+ABCreatureCategory.h"; sourceTree = "<group>"; };
		4924D1C21ED87A2400755609 /* NSObject+ABCreatureCategory.m */ = {isa = PBXFileReference; fileEncoding = 4; lastKnownFileType = sourcecode.c.objc; path = "NSObject+ABCreatureCategory.m"; sourceTree = "<group>"; };
		4924D1C41ED87A2400755609 /* ABEqualityObject.h */ = {isa = PBXFileReference; fileEncoding = 4; lastKnownFileType = sourcecode.c.h; path = ABEqualityObject.h; sourceTree = "<group>"; };
		4924D1C51ED87A2400755609 /* ABEqualityObject.m */ = {isa = PBXFileReference; fileEncoding = 4; lastKnownFileType = sourcecode.c.objc; path = ABEqualityObject.m; sourceTree = "<group>"; };
		4924D1C61ED87A2400755609 /* ABObjCSyntax.h */ = {isa = PBXFileReference; fileEncoding = 4; lastKnownFileType = sourcecode.c.h; path = ABObjCSyntax.h; sourceTree = "<group>"; };
		4924D1C71ED87A2400755609 /* ABObjCSyntax.m */ = {isa = PBXFileReference; fileEncoding = 4; lastKnownFileType = sourcecode.c.objc; path = ABObjCSyntax.m; sourceTree = "<group>"; };
		4924D1C81ED87A2400755609 /* ABSyntax+ABCategory.h */ = {isa = PBXFileReference; fileEncoding = 4; lastKnownFileType = sourcecode.c.h; path = "ABSyntax+ABCategory.h"; sourceTree = "<group>"; };
		4924D1C91ED87A2400755609 /* ABSyntax+ABCategory.m */ = {isa = PBXFileReference; fileEncoding = 4; lastKnownFileType = sourcecode.c.objc; path = "ABSyntax+ABCategory.m"; sourceTree = "<group>"; };
		4924D1CA1ED87A2400755609 /* ABSyntax.h */ = {isa = PBXFileReference; fileEncoding = 4; lastKnownFileType = sourcecode.c.h; path = ABSyntax.h; sourceTree = "<group>"; };
		4924D1CB1ED87A2400755609 /* ABSyntax.m */ = {isa = PBXFileReference; fileEncoding = 4; lastKnownFileType = sourcecode.c.objc; path = ABSyntax.m; sourceTree = "<group>"; };
		4924D1CC1ED87A2400755609 /* ABSyntaxProtocol.h */ = {isa = PBXFileReference; fileEncoding = 4; lastKnownFileType = sourcecode.c.h; path = ABSyntaxProtocol.h; sourceTree = "<group>"; };
		4924D1CD1ED87A2400755609 /* ABSyntaxSubclass.h */ = {isa = PBXFileReference; fileEncoding = 4; lastKnownFileType = sourcecode.c.h; path = ABSyntaxSubclass.h; sourceTree = "<group>"; };
		4924D1CE1ED87A2400755609 /* ABSyntaxSubclass.m */ = {isa = PBXFileReference; fileEncoding = 4; lastKnownFileType = sourcecode.c.objc; path = ABSyntaxSubclass.m; sourceTree = "<group>"; };
		4924D1D01ED87A2400755609 /* ABAlphabet.h */ = {isa = PBXFileReference; fileEncoding = 4; lastKnownFileType = sourcecode.c.h; path = ABAlphabet.h; sourceTree = "<group>"; };
		4924D1D11ED87A2400755609 /* ABAlphabet.m */ = {isa = PBXFileReference; fileEncoding = 4; lastKnownFileType = sourcecode.c.objc; path = ABAlphabet.m; sourceTree = "<group>"; };
		4924D1D21ED87A2400755609 /* NSString+ABExtensions.h */ = {isa = PBXFileReference; fileEncoding = 4; lastKnownFileType = sourcecode.c.h; path = "NSString+ABExtensions.h"; sourceTree = "<group>"; };
		4924D1D31ED87A2400755609 /* NSString+ABExtensions.m */ = {isa = PBXFileReference; fileEncoding = 4; lastKnownFileType = sourcecode.c.objc; path = "NSString+ABExtensions.m"; sourceTree = "<group>"; };
		4924D1D51ED87A2400755609 /* ABClasterAlphabet.h */ = {isa = PBXFileReference; fileEncoding = 4; lastKnownFileType = sourcecode.c.h; path = ABClasterAlphabet.h; sourceTree = "<group>"; };
		4924D1D61ED87A2400755609 /* ABClasterAlphabet.m */ = {isa = PBXFileReference; fileEncoding = 4; lastKnownFileType = sourcecode.c.objc; path = ABClasterAlphabet.m; sourceTree = "<group>"; };
		4924D1D71ED87A2400755609 /* ABRangeAlphabet.h */ = {isa = PBXFileReference; fileEncoding = 4; lastKnownFileType = sourcecode.c.h; path = ABRangeAlphabet.h; sourceTree = "<group>"; };
		4924D1D81ED87A2400755609 /* ABRangeAlphabet.m */ = {isa = PBXFileReference; fileEncoding = 4; lastKnownFileType = sourcecode.c.objc; path = ABRangeAlphabet.m; sourceTree = "<group>"; };
		4924D1D91ED87A2400755609 /* ABStringsAlphabet.h */ = {isa = PBXFileReference; fileEncoding = 4; lastKnownFileType = sourcecode.c.h; path = ABStringsAlphabet.h; sourceTree = "<group>"; };
		4924D1DA1ED87A2400755609 /* ABStringsAlphabet.m */ = {isa = PBXFileReference; fileEncoding = 4; lastKnownFileType = sourcecode.c.objc; path = ABStringsAlphabet.m; sourceTree = "<group>"; };
		49683A0C1ED5C79700C4390B /* ABAlphabetSpec.m */ = {isa = PBXFileReference; fileEncoding = 4; lastKnownFileType = sourcecode.c.objc; path = ABAlphabetSpec.m; sourceTree = "<group>"; };
		6F302B0B1EA7D17B000D7A95 /* Objective-C */ = {isa = PBXFileReference; explicitFileType = "compiled.mach-o.executable"; includeInIndex = 0; path = "Objective-C"; sourceTree = BUILT_PRODUCTS_DIR; };
		7745F17141330D74C6D0AD19 /* libPods-ObjectiveCTests.a */ = {isa = PBXFileReference; explicitFileType = archive.ar; includeInIndex = 0; path = "libPods-ObjectiveCTests.a"; sourceTree = BUILT_PRODUCTS_DIR; };
		DB592A6194EFAE8857AA4AC3 /* Pods-ObjectiveCTests.debug.xcconfig */ = {isa = PBXFileReference; includeInIndex = 1; lastKnownFileType = text.xcconfig; name = "Pods-ObjectiveCTests.debug.xcconfig"; path = "Pods/Target Support Files/Pods-ObjectiveCTests/Pods-ObjectiveCTests.debug.xcconfig"; sourceTree = "<group>"; };
/* End PBXFileReference section */

/* Begin PBXFrameworksBuildPhase section */
		49229EB81ED5C105002FBFF3 /* Frameworks */ = {
			isa = PBXFrameworksBuildPhase;
			buildActionMask = 2147483647;
			files = (
				53C46E0DCD11103BA67DDF4B /* libPods-ObjectiveCTests.a in Frameworks */,
			);
			runOnlyForDeploymentPostprocessing = 0;
		};
		6F302B081EA7D17B000D7A95 /* Frameworks */ = {
			isa = PBXFrameworksBuildPhase;
			buildActionMask = 2147483647;
			files = (
			);
			runOnlyForDeploymentPostprocessing = 0;
		};
/* End PBXFrameworksBuildPhase section */

/* Begin PBXGroup section */
		1920B6C2280AD309E0A98006 /* Pods */ = {
			isa = PBXGroup;
			children = (
				DB592A6194EFAE8857AA4AC3 /* Pods-ObjectiveCTests.debug.xcconfig */,
				3010582D866E245DF7479DAB /* Pods-ObjectiveCTests.release.xcconfig */,
			);
			name = Pods;
			sourceTree = "<group>";
		};
		49229EBC1ED5C105002FBFF3 /* ObjectiveCTests */ = {
			isa = PBXGroup;
			children = (
				49683A0B1ED5C52200C4390B /* Specs */,
				49229EBF1ED5C105002FBFF3 /* Info.plist */,
			);
			path = ObjectiveCTests;
			sourceTree = "<group>";
		};
		49229EC31ED5C30F002FBFF3 /* Objective-C */ = {
			isa = PBXGroup;
			children = (
				4924D1991ED87A2400755609 /* ABCarWash */,
				4924D1B11ED87A2400755609 /* ABCategory */,
				4924D1BA1ED87A2400755609 /* ABCreature */,
				4924D1C31ED87A2400755609 /* Syntax */,
				49229EC41ED5C30F002FBFF3 /* main.m */,
				49229F191ED5C30F002FBFF3 /* Test */,
			);
			path = "Objective-C";
			sourceTree = "<group>";
		};
		49229F191ED5C30F002FBFF3 /* Test */ = {
			isa = PBXGroup;
			children = (
				49229F1A1ED5C30F002FBFF3 /* ABCarWashTest.h */,
				49229F1B1ED5C30F002FBFF3 /* ABCarWashTest.m */,
				49229F1C1ED5C30F002FBFF3 /* ABCreatureGenderTest.h */,
				49229F1D1ED5C30F002FBFF3 /* ABCreatureGenderTest.m */,
				49229F1E1ED5C30F002FBFF3 /* ABCreatureTest.h */,
				49229F1F1ED5C30F002FBFF3 /* ABCreatureTest.m */,
				49229F201ED5C30F002FBFF3 /* ABSyntaxTest.h */,
				49229F211ED5C30F002FBFF3 /* ABSyntaxTest.m */,
			);
			path = Test;
			sourceTree = "<group>";
		};
		4924D1991ED87A2400755609 /* ABCarWash */ = {
			isa = PBXGroup;
			children = (
				4924D19A1ED87A2400755609 /* ABBuilding */,
				4924D19D1ED87A2400755609 /* ABCar */,
				4924D1A01ED87A2400755609 /* ABCarWash.h */,
				4924D1A11ED87A2400755609 /* ABCarWash.m */,
				4924D1A21ED87A2400755609 /* ABMoneyFlow.h */,
				4924D1A31ED87A2400755609 /* ABRoom */,
				4924D1A81ED87A2400755609 /* ABWorker */,
			);
			name = ABCarWash;
			path = Source/ABCarWash;
			sourceTree = "<group>";
		};
		4924D19A1ED87A2400755609 /* ABBuilding */ = {
			isa = PBXGroup;
			children = (
				4924D19B1ED87A2400755609 /* ABBuilding.h */,
				4924D19C1ED87A2400755609 /* ABBuilding.m */,
			);
			path = ABBuilding;
			sourceTree = "<group>";
		};
		4924D19D1ED87A2400755609 /* ABCar */ = {
			isa = PBXGroup;
			children = (
				4924D19E1ED87A2400755609 /* ABCar.h */,
				4924D19F1ED87A2400755609 /* ABCar.m */,
			);
			path = ABCar;
			sourceTree = "<group>";
		};
		4924D1A31ED87A2400755609 /* ABRoom */ = {
			isa = PBXGroup;
			children = (
				4924D1A41ED87A2400755609 /* ABCarWashRoom.h */,
				4924D1A51ED87A2400755609 /* ABCarWashRoom.m */,
				4924D1A61ED87A2400755609 /* ABRoom.h */,
				4924D1A71ED87A2400755609 /* ABRoom.m */,
			);
			path = ABRoom;
			sourceTree = "<group>";
		};
		4924D1A81ED87A2400755609 /* ABWorker */ = {
			isa = PBXGroup;
			children = (
				4924D1A91ED87A2400755609 /* ABAcountant.h */,
				4924D1AA1ED87A2400755609 /* ABAcountant.m */,
				4924D1AB1ED87A2400755609 /* ABCarWasher.h */,
				4924D1AC1ED87A2400755609 /* ABCarWasher.m */,
				4924D1AD1ED87A2400755609 /* ABDirector.h */,
				4924D1AE1ED87A2400755609 /* ABDirector.m */,
				4924D1AF1ED87A2400755609 /* ABWorker.h */,
				4924D1B01ED87A2400755609 /* ABWorker.m */,
			);
			path = ABWorker;
			sourceTree = "<group>";
		};
		4924D1B11ED87A2400755609 /* ABCategory */ = {
			isa = PBXGroup;
			children = (
				4924D1B21ED87A2400755609 /* NSArray+ABExtension.h */,
				4924D1B31ED87A2400755609 /* NSArray+ABExtension.m */,
				4924D1B41ED87A2400755609 /* NSNumber+ABRandomNumber.h */,
				4924D1B51ED87A2400755609 /* NSNumber+ABRandomNumber.m */,
				4924D1B61ED87A2400755609 /* NSObject+ABObjectExtension.h */,
				4924D1B71ED87A2400755609 /* NSObject+ABObjectExtension.m */,
				4924D1B81ED87A2400755609 /* NSString+ABRandomString.h */,
				4924D1B91ED87A2400755609 /* NSString+ABRandomString.m */,
			);
			name = ABCategory;
			path = Source/ABCategory;
			sourceTree = "<group>";
		};
		4924D1BA1ED87A2400755609 /* ABCreature */ = {
			isa = PBXGroup;
			children = (
				4924D1BB1ED87A2400755609 /* ABCreature.h */,
				4924D1BC1ED87A2400755609 /* ABCreature.m */,
				4924D1BD1ED87A2400755609 /* ABCreatureFemale.h */,
				4924D1BE1ED87A2400755609 /* ABCreatureFemale.m */,
				4924D1BF1ED87A2400755609 /* ABCreatureMale.h */,
				4924D1C01ED87A2400755609 /* ABCreatureMale.m */,
				4924D1C11ED87A2400755609 /* NSObject+ABCreatureCategory.h */,
				4924D1C21ED87A2400755609 /* NSObject+ABCreatureCategory.m */,
			);
			name = ABCreature;
			path = Source/ABCreature;
			sourceTree = "<group>";
		};
		4924D1C31ED87A2400755609 /* Syntax */ = {
			isa = PBXGroup;
			children = (
				4924D1C41ED87A2400755609 /* ABEqualityObject.h */,
				4924D1C51ED87A2400755609 /* ABEqualityObject.m */,
				4924D1C61ED87A2400755609 /* ABObjCSyntax.h */,
				4924D1C71ED87A2400755609 /* ABObjCSyntax.m */,
				4924D1C81ED87A2400755609 /* ABSyntax+ABCategory.h */,
				4924D1C91ED87A2400755609 /* ABSyntax+ABCategory.m */,
				4924D1CA1ED87A2400755609 /* ABSyntax.h */,
				4924D1CB1ED87A2400755609 /* ABSyntax.m */,
				4924D1CC1ED87A2400755609 /* ABSyntaxProtocol.h */,
				4924D1CD1ED87A2400755609 /* ABSyntaxSubclass.h */,
				4924D1CE1ED87A2400755609 /* ABSyntaxSubclass.m */,
				4924D1CF1ED87A2400755609 /* Category */,
			);
			name = Syntax;
			path = Source/Syntax;
			sourceTree = "<group>";
		};
		4924D1CF1ED87A2400755609 /* Category */ = {
			isa = PBXGroup;
			children = (
				4924D1D01ED87A2400755609 /* ABAlphabet.h */,
				4924D1D11ED87A2400755609 /* ABAlphabet.m */,
				4924D1D21ED87A2400755609 /* NSString+ABExtensions.h */,
				4924D1D31ED87A2400755609 /* NSString+ABExtensions.m */,
				4924D1D41ED87A2400755609 /* Private */,
			);
			path = Category;
			sourceTree = "<group>";
		};
		4924D1D41ED87A2400755609 /* Private */ = {
			isa = PBXGroup;
			children = (
				4924D1D51ED87A2400755609 /* ABClasterAlphabet.h */,
				4924D1D61ED87A2400755609 /* ABClasterAlphabet.m */,
				4924D1D71ED87A2400755609 /* ABRangeAlphabet.h */,
				4924D1D81ED87A2400755609 /* ABRangeAlphabet.m */,
				4924D1D91ED87A2400755609 /* ABStringsAlphabet.h */,
				4924D1DA1ED87A2400755609 /* ABStringsAlphabet.m */,
			);
			path = Private;
			sourceTree = "<group>";
		};
		49683A0B1ED5C52200C4390B /* Specs */ = {
			isa = PBXGroup;
			children = (
				49683A0C1ED5C79700C4390B /* ABAlphabetSpec.m */,
			);
			path = Specs;
			sourceTree = "<group>";
		};
		5751FC6B93627A6CF7E0C4C1 /* Frameworks */ = {
			isa = PBXGroup;
			children = (
				7745F17141330D74C6D0AD19 /* libPods-ObjectiveCTests.a */,
			);
			name = Frameworks;
			sourceTree = "<group>";
		};
		6F3A20E91EA61390000D6620 = {
			isa = PBXGroup;
			children = (
				49229EC31ED5C30F002FBFF3 /* Objective-C */,
				49229EBC1ED5C105002FBFF3 /* ObjectiveCTests */,
				6F3A20F31EA61390000D6620 /* Products */,
				1920B6C2280AD309E0A98006 /* Pods */,
				5751FC6B93627A6CF7E0C4C1 /* Frameworks */,
			);
			sourceTree = "<group>";
		};
		6F3A20F31EA61390000D6620 /* Products */ = {
			isa = PBXGroup;
			children = (
				6F302B0B1EA7D17B000D7A95 /* Objective-C */,
				49229EBB1ED5C105002FBFF3 /* ObjectiveCTests.xctest */,
			);
			name = Products;
			sourceTree = "<group>";
		};
/* End PBXGroup section */

/* Begin PBXNativeTarget section */
		49229EBA1ED5C105002FBFF3 /* ObjectiveCTests */ = {
			isa = PBXNativeTarget;
			buildConfigurationList = 49229EC01ED5C105002FBFF3 /* Build configuration list for PBXNativeTarget "ObjectiveCTests" */;
			buildPhases = (
				5B187ABB6ED7CD71D2227214 /* [CP] Check Pods Manifest.lock */,
				49229EB71ED5C105002FBFF3 /* Sources */,
				49229EB81ED5C105002FBFF3 /* Frameworks */,
				49229EB91ED5C105002FBFF3 /* Resources */,
				AEE0FAB9936148BB3CF8DA9C /* [CP] Embed Pods Frameworks */,
				59E4112205554660219D6C97 /* [CP] Copy Pods Resources */,
			);
			buildRules = (
			);
			dependencies = (
			);
			name = ObjectiveCTests;
			productName = ObjectiveCTests;
			productReference = 49229EBB1ED5C105002FBFF3 /* ObjectiveCTests.xctest */;
			productType = "com.apple.product-type.bundle.unit-test";
		};
		6F302B0A1EA7D17B000D7A95 /* Objective-C */ = {
			isa = PBXNativeTarget;
			buildConfigurationList = 6F302B0F1EA7D17B000D7A95 /* Build configuration list for PBXNativeTarget "Objective-C" */;
			buildPhases = (
				6F302B071EA7D17B000D7A95 /* Sources */,
				6F302B081EA7D17B000D7A95 /* Frameworks */,
				6F302B091EA7D17B000D7A95 /* CopyFiles */,
			);
			buildRules = (
			);
			dependencies = (
			);
			name = "Objective-C";
			productName = "Objective-C";
			productReference = 6F302B0B1EA7D17B000D7A95 /* Objective-C */;
			productType = "com.apple.product-type.tool";
		};
/* End PBXNativeTarget section */

/* Begin PBXProject section */
		6F3A20EA1EA61390000D6620 /* Project object */ = {
			isa = PBXProject;
			attributes = {
				LastUpgradeCheck = 0830;
				ORGANIZATIONNAME = "Andrew Boychuk";
				TargetAttributes = {
					49229EBA1ED5C105002FBFF3 = {
						CreatedOnToolsVersion = 8.3.2;
						ProvisioningStyle = Automatic;
					};
					6F302B0A1EA7D17B000D7A95 = {
						CreatedOnToolsVersion = 8.3.1;
						ProvisioningStyle = Automatic;
					};
				};
			};
			buildConfigurationList = 6F3A20ED1EA61390000D6620 /* Build configuration list for PBXProject "IDAPCourse" */;
			compatibilityVersion = "Xcode 3.2";
			developmentRegion = English;
			hasScannedForEncodings = 0;
			knownRegions = (
				en,
			);
			mainGroup = 6F3A20E91EA61390000D6620;
			productRefGroup = 6F3A20F31EA61390000D6620 /* Products */;
			projectDirPath = "";
			projectRoot = "";
			targets = (
				6F302B0A1EA7D17B000D7A95 /* Objective-C */,
				49229EBA1ED5C105002FBFF3 /* ObjectiveCTests */,
			);
		};
/* End PBXProject section */

/* Begin PBXResourcesBuildPhase section */
		49229EB91ED5C105002FBFF3 /* Resources */ = {
			isa = PBXResourcesBuildPhase;
			buildActionMask = 2147483647;
			files = (
			);
			runOnlyForDeploymentPostprocessing = 0;
		};
/* End PBXResourcesBuildPhase section */

/* Begin PBXShellScriptBuildPhase section */
		59E4112205554660219D6C97 /* [CP] Copy Pods Resources */ = {
			isa = PBXShellScriptBuildPhase;
			buildActionMask = 2147483647;
			files = (
			);
			inputPaths = (
			);
			name = "[CP] Copy Pods Resources";
			outputPaths = (
			);
			runOnlyForDeploymentPostprocessing = 0;
			shellPath = /bin/sh;
			shellScript = "\"${SRCROOT}/Pods/Target Support Files/Pods-ObjectiveCTests/Pods-ObjectiveCTests-resources.sh\"\n";
			showEnvVarsInLog = 0;
		};
		5B187ABB6ED7CD71D2227214 /* [CP] Check Pods Manifest.lock */ = {
			isa = PBXShellScriptBuildPhase;
			buildActionMask = 2147483647;
			files = (
			);
			inputPaths = (
			);
			name = "[CP] Check Pods Manifest.lock";
			outputPaths = (
			);
			runOnlyForDeploymentPostprocessing = 0;
			shellPath = /bin/sh;
			shellScript = "diff \"${PODS_PODFILE_DIR_PATH}/Podfile.lock\" \"${PODS_ROOT}/Manifest.lock\" > /dev/null\nif [ $? != 0 ] ; then\n    # print error to STDERR\n    echo \"error: The sandbox is not in sync with the Podfile.lock. Run 'pod install' or update your CocoaPods installation.\" >&2\n    exit 1\nfi\n";
			showEnvVarsInLog = 0;
		};
		AEE0FAB9936148BB3CF8DA9C /* [CP] Embed Pods Frameworks */ = {
			isa = PBXShellScriptBuildPhase;
			buildActionMask = 2147483647;
			files = (
			);
			inputPaths = (
			);
			name = "[CP] Embed Pods Frameworks";
			outputPaths = (
			);
			runOnlyForDeploymentPostprocessing = 0;
			shellPath = /bin/sh;
			shellScript = "\"${SRCROOT}/Pods/Target Support Files/Pods-ObjectiveCTests/Pods-ObjectiveCTests-frameworks.sh\"\n";
			showEnvVarsInLog = 0;
		};
/* End PBXShellScriptBuildPhase section */

/* Begin PBXSourcesBuildPhase section */
		49229EB71ED5C105002FBFF3 /* Sources */ = {
			isa = PBXSourcesBuildPhase;
			buildActionMask = 2147483647;
			files = (
				4924D1DC1ED87A2400755609 /* ABBuilding.m in Sources */,
				4924D2001ED87A2400755609 /* ABObjCSyntax.m in Sources */,
				4924D1E21ED87A2400755609 /* ABCarWashRoom.m in Sources */,
				49229F691ED5C310002FBFF3 /* ABCarWashTest.m in Sources */,
				4924D2061ED87A2400755609 /* ABSyntaxSubclass.m in Sources */,
				4924D20A1ED87A2400755609 /* NSString+ABExtensions.m in Sources */,
				4924D20C1ED87A2400755609 /* ABClasterAlphabet.m in Sources */,
				4924D1EA1ED87A2400755609 /* ABDirector.m in Sources */,
				4924D1F41ED87A2400755609 /* NSString+ABRandomString.m in Sources */,
				4924D1F21ED87A2400755609 /* NSObject+ABObjectExtension.m in Sources */,
				4924D1E81ED87A2400755609 /* ABCarWasher.m in Sources */,
				4924D1E01ED87A2400755609 /* ABCarWash.m in Sources */,
				4924D1F01ED87A2400755609 /* NSNumber+ABRandomNumber.m in Sources */,
				4924D2081ED87A2400755609 /* ABAlphabet.m in Sources */,
				4924D1FE1ED87A2400755609 /* ABEqualityObject.m in Sources */,
				4924D1DE1ED87A2400755609 /* ABCar.m in Sources */,
				49683A0D1ED5C79700C4390B /* ABAlphabetSpec.m in Sources */,
				4924D1EE1ED87A2400755609 /* NSArray+ABExtension.m in Sources */,
				49229F6D1ED5C310002FBFF3 /* ABCreatureTest.m in Sources */,
				4924D1FC1ED87A2400755609 /* NSObject+ABCreatureCategory.m in Sources */,
				49229F6F1ED5C310002FBFF3 /* ABSyntaxTest.m in Sources */,
				4924D1E61ED87A2400755609 /* ABAcountant.m in Sources */,
				4924D1FA1ED87A2400755609 /* ABCreatureMale.m in Sources */,
				49229F6B1ED5C310002FBFF3 /* ABCreatureGenderTest.m in Sources */,
				4924D2021ED87A2400755609 /* ABSyntax+ABCategory.m in Sources */,
				4924D2041ED87A2400755609 /* ABSyntax.m in Sources */,
				4924D1EC1ED87A2400755609 /* ABWorker.m in Sources */,
				4924D1F81ED87A2400755609 /* ABCreatureFemale.m in Sources */,
				4924D2101ED87A2400755609 /* ABStringsAlphabet.m in Sources */,
				4924D20E1ED87A2400755609 /* ABRangeAlphabet.m in Sources */,
				4924D1F61ED87A2400755609 /* ABCreature.m in Sources */,
				4924D1E41ED87A2400755609 /* ABRoom.m in Sources */,
			);
			runOnlyForDeploymentPostprocessing = 0;
		};
		6F302B071EA7D17B000D7A95 /* Sources */ = {
			isa = PBXSourcesBuildPhase;
			buildActionMask = 2147483647;
			files = (
				4924D1DB1ED87A2400755609 /* ABBuilding.m in Sources */,
				4924D1FF1ED87A2400755609 /* ABObjCSyntax.m in Sources */,
				4924D1E11ED87A2400755609 /* ABCarWashRoom.m in Sources */,
				49229F681ED5C310002FBFF3 /* ABCarWashTest.m in Sources */,
				4924D2051ED87A2400755609 /* ABSyntaxSubclass.m in Sources */,
				4924D2091ED87A2400755609 /* NSString+ABExtensions.m in Sources */,
				4924D20B1ED87A2400755609 /* ABClasterAlphabet.m in Sources */,
				4924D1E91ED87A2400755609 /* ABDirector.m in Sources */,
				4924D1F31ED87A2400755609 /* NSString+ABRandomString.m in Sources */,
				4924D1F11ED87A2400755609 /* NSObject+ABObjectExtension.m in Sources */,
				4924D1E71ED87A2400755609 /* ABCarWasher.m in Sources */,
				4924D1DF1ED87A2400755609 /* ABCarWash.m in Sources */,
				4924D1EF1ED87A2400755609 /* NSNumber+ABRandomNumber.m in Sources */,
				4924D2071ED87A2400755609 /* ABAlphabet.m in Sources */,
				4924D1FD1ED87A2400755609 /* ABEqualityObject.m in Sources */,
				4924D1DD1ED87A2400755609 /* ABCar.m in Sources */,
				49229F6C1ED5C310002FBFF3 /* ABCreatureTest.m in Sources */,
				4924D1ED1ED87A2400755609 /* NSArray+ABExtension.m in Sources */,
				49229F6E1ED5C310002FBFF3 /* ABSyntaxTest.m in Sources */,
				4924D1FB1ED87A2400755609 /* NSObject+ABCreatureCategory.m in Sources */,
				49229F221ED5C30F002FBFF3 /* main.m in Sources */,
				4924D1E51ED87A2400755609 /* ABAcountant.m in Sources */,
				4924D1F91ED87A2400755609 /* ABCreatureMale.m in Sources */,
				49229F6A1ED5C310002FBFF3 /* ABCreatureGenderTest.m in Sources */,
				4924D2011ED87A2400755609 /* ABSyntax+ABCategory.m in Sources */,
				4924D2031ED87A2400755609 /* ABSyntax.m in Sources */,
				4924D1EB1ED87A2400755609 /* ABWorker.m in Sources */,
				4924D1F71ED87A2400755609 /* ABCreatureFemale.m in Sources */,
				4924D20F1ED87A2400755609 /* ABStringsAlphabet.m in Sources */,
				4924D20D1ED87A2400755609 /* ABRangeAlphabet.m in Sources */,
				4924D1F51ED87A2400755609 /* ABCreature.m in Sources */,
				4924D1E31ED87A2400755609 /* ABRoom.m in Sources */,
			);
			runOnlyForDeploymentPostprocessing = 0;
		};
/* End PBXSourcesBuildPhase section */

/* Begin XCBuildConfiguration section */
		49229EC11ED5C105002FBFF3 /* Debug */ = {
			isa = XCBuildConfiguration;
			baseConfigurationReference = DB592A6194EFAE8857AA4AC3 /* Pods-ObjectiveCTests.debug.xcconfig */;
			buildSettings = {
				COMBINE_HIDPI_IMAGES = YES;
				INFOPLIST_FILE = ObjectiveCTests/Info.plist;
				LD_RUNPATH_SEARCH_PATHS = "$(inherited) @executable_path/../Frameworks @loader_path/../Frameworks";
				PRODUCT_BUNDLE_IDENTIFIER = AB.ObjectiveCTests;
				PRODUCT_NAME = "$(TARGET_NAME)";
			};
			name = Debug;
		};
		49229EC21ED5C105002FBFF3 /* Release */ = {
			isa = XCBuildConfiguration;
			baseConfigurationReference = 3010582D866E245DF7479DAB /* Pods-ObjectiveCTests.release.xcconfig */;
			buildSettings = {
				COMBINE_HIDPI_IMAGES = YES;
				INFOPLIST_FILE = ObjectiveCTests/Info.plist;
				LD_RUNPATH_SEARCH_PATHS = "$(inherited) @executable_path/../Frameworks @loader_path/../Frameworks";
				PRODUCT_BUNDLE_IDENTIFIER = AB.ObjectiveCTests;
				PRODUCT_NAME = "$(TARGET_NAME)";
			};
			name = Release;
		};
		6F302B101EA7D17B000D7A95 /* Debug */ = {
			isa = XCBuildConfiguration;
			buildSettings = {
				CLANG_ENABLE_OBJC_ARC = NO;
				MACOSX_DEPLOYMENT_TARGET = 10.11;
				PRODUCT_NAME = "$(TARGET_NAME)";
			};
			name = Debug;
		};
		6F302B111EA7D17B000D7A95 /* Release */ = {
			isa = XCBuildConfiguration;
			buildSettings = {
				CLANG_ENABLE_OBJC_ARC = NO;
				MACOSX_DEPLOYMENT_TARGET = 10.11;
				PRODUCT_NAME = "$(TARGET_NAME)";
			};
			name = Release;
		};
		6F3A20F71EA61390000D6620 /* Debug */ = {
			isa = XCBuildConfiguration;
			buildSettings = {
				ALWAYS_SEARCH_USER_PATHS = NO;
				CLANG_ANALYZER_NONNULL = YES;
				CLANG_ANALYZER_NUMBER_OBJECT_CONVERSION = YES_AGGRESSIVE;
				CLANG_CXX_LANGUAGE_STANDARD = "gnu++0x";
				CLANG_CXX_LIBRARY = "libc++";
				CLANG_ENABLE_MODULES = YES;
				CLANG_ENABLE_OBJC_ARC = YES;
				CLANG_WARN_BOOL_CONVERSION = YES;
				CLANG_WARN_CONSTANT_CONVERSION = YES;
				CLANG_WARN_DIRECT_OBJC_ISA_USAGE = YES_ERROR;
				CLANG_WARN_DOCUMENTATION_COMMENTS = YES;
				CLANG_WARN_EMPTY_BODY = YES;
				CLANG_WARN_ENUM_CONVERSION = YES;
				CLANG_WARN_INFINITE_RECURSION = YES;
				CLANG_WARN_INT_CONVERSION = YES;
				CLANG_WARN_OBJC_ROOT_CLASS = YES_ERROR;
				CLANG_WARN_SUSPICIOUS_MOVE = YES;
				CLANG_WARN_UNREACHABLE_CODE = YES;
				CLANG_WARN__DUPLICATE_METHOD_MATCH = YES;
				CODE_SIGN_IDENTITY = "-";
				COPY_PHASE_STRIP = NO;
				DEBUG_INFORMATION_FORMAT = dwarf;
				ENABLE_STRICT_OBJC_MSGSEND = YES;
				ENABLE_TESTABILITY = YES;
				GCC_C_LANGUAGE_STANDARD = gnu99;
				GCC_DYNAMIC_NO_PIC = NO;
				GCC_NO_COMMON_BLOCKS = YES;
				GCC_OPTIMIZATION_LEVEL = 0;
				GCC_PREPROCESSOR_DEFINITIONS = (
					"DEBUG=1",
					"$(inherited)",
				);
				GCC_WARN_64_TO_32_BIT_CONVERSION = YES;
				GCC_WARN_ABOUT_RETURN_TYPE = YES_ERROR;
				GCC_WARN_UNDECLARED_SELECTOR = YES;
				GCC_WARN_UNINITIALIZED_AUTOS = YES_AGGRESSIVE;
				GCC_WARN_UNUSED_FUNCTION = YES;
				GCC_WARN_UNUSED_VARIABLE = YES;
				MACOSX_DEPLOYMENT_TARGET = 10.12;
				MTL_ENABLE_DEBUG_INFO = YES;
				ONLY_ACTIVE_ARCH = YES;
				SDKROOT = macosx;
			};
			name = Debug;
		};
		6F3A20F81EA61390000D6620 /* Release */ = {
			isa = XCBuildConfiguration;
			buildSettings = {
				ALWAYS_SEARCH_USER_PATHS = NO;
				CLANG_ANALYZER_NONNULL = YES;
				CLANG_ANALYZER_NUMBER_OBJECT_CONVERSION = YES_AGGRESSIVE;
				CLANG_CXX_LANGUAGE_STANDARD = "gnu++0x";
				CLANG_CXX_LIBRARY = "libc++";
				CLANG_ENABLE_MODULES = YES;
				CLANG_ENABLE_OBJC_ARC = YES;
				CLANG_WARN_BOOL_CONVERSION = YES;
				CLANG_WARN_CONSTANT_CONVERSION = YES;
				CLANG_WARN_DIRECT_OBJC_ISA_USAGE = YES_ERROR;
				CLANG_WARN_DOCUMENTATION_COMMENTS = YES;
				CLANG_WARN_EMPTY_BODY = YES;
				CLANG_WARN_ENUM_CONVERSION = YES;
				CLANG_WARN_INFINITE_RECURSION = YES;
				CLANG_WARN_INT_CONVERSION = YES;
				CLANG_WARN_OBJC_ROOT_CLASS = YES_ERROR;
				CLANG_WARN_SUSPICIOUS_MOVE = YES;
				CLANG_WARN_UNREACHABLE_CODE = YES;
				CLANG_WARN__DUPLICATE_METHOD_MATCH = YES;
				CODE_SIGN_IDENTITY = "-";
				COPY_PHASE_STRIP = NO;
				DEBUG_INFORMATION_FORMAT = "dwarf-with-dsym";
				ENABLE_NS_ASSERTIONS = NO;
				ENABLE_STRICT_OBJC_MSGSEND = YES;
				GCC_C_LANGUAGE_STANDARD = gnu99;
				GCC_NO_COMMON_BLOCKS = YES;
				GCC_WARN_64_TO_32_BIT_CONVERSION = YES;
				GCC_WARN_ABOUT_RETURN_TYPE = YES_ERROR;
				GCC_WARN_UNDECLARED_SELECTOR = YES;
				GCC_WARN_UNINITIALIZED_AUTOS = YES_AGGRESSIVE;
				GCC_WARN_UNUSED_FUNCTION = YES;
				GCC_WARN_UNUSED_VARIABLE = YES;
				MACOSX_DEPLOYMENT_TARGET = 10.12;
				MTL_ENABLE_DEBUG_INFO = NO;
				SDKROOT = macosx;
			};
			name = Release;
		};
/* End XCBuildConfiguration section */

/* Begin XCConfigurationList section */
		49229EC01ED5C105002FBFF3 /* Build configuration list for PBXNativeTarget "ObjectiveCTests" */ = {
			isa = XCConfigurationList;
			buildConfigurations = (
				49229EC11ED5C105002FBFF3 /* Debug */,
				49229EC21ED5C105002FBFF3 /* Release */,
			);
			defaultConfigurationIsVisible = 0;
			defaultConfigurationName = Release;
		};
		6F302B0F1EA7D17B000D7A95 /* Build configuration list for PBXNativeTarget "Objective-C" */ = {
			isa = XCConfigurationList;
			buildConfigurations = (
				6F302B101EA7D17B000D7A95 /* Debug */,
				6F302B111EA7D17B000D7A95 /* Release */,
			);
			defaultConfigurationIsVisible = 0;
			defaultConfigurationName = Release;
		};
		6F3A20ED1EA61390000D6620 /* Build configuration list for PBXProject "IDAPCourse" */ = {
			isa = XCConfigurationList;
			buildConfigurations = (
				6F3A20F71EA61390000D6620 /* Debug */,
				6F3A20F81EA61390000D6620 /* Release */,
			);
			defaultConfigurationIsVisible = 0;
			defaultConfigurationName = Release;
		};
/* End XCConfigurationList section */
	};
	rootObject = 6F3A20EA1EA61390000D6620 /* Project object */;
}
